PODS:
  - Bolts/Tasks (1.2.0)
  - CorePlot (1.6)
  - Parse (1.7.5):
    - Bolts/Tasks (>= 1.2.0)
  - ParseUI (1.1.4):
    - Parse (~> 1.7)
  - SVPullToRefresh (0.4.1)

DEPENDENCIES:
  - CorePlot
  - Parse
  - ParseUI
  - SVPullToRefresh

SPEC CHECKSUMS:
  Bolts: d176cb1e0012175589e389a9db49b85e27787576
  CorePlot: 820901f6c147f2d84549ffa1f0902869f980d74d
  Parse: 7c0f115eff3e0cea3fac08d50bda47154edb8832
  ParseUI: d1228541b02a36a7354c8f47747f5f7a89cf1ff0
  SVPullToRefresh: ba2e718695a43253d8bea6852d2960097dc15d8c

COCOAPODS: 0.37.2
