// !$*UTF8*$!
{
	archiveVersion = 1;
	classes = {
	};
	objectVersion = 46;
	objects = {

/* Begin PBXBuildFile section */
		CA06C8121A93FF3100DA2537 /* UIScrollView+SVInfiniteScrolling.m in Sources */ = {isa = PBXBuildFile; fileRef = CA06C80F1A93FF3100DA2537 /* UIScrollView+SVInfiniteScrolling.m */; };
		CA06C8131A93FF3100DA2537 /* UIScrollView+SVPullToRefresh.m in Sources */ = {isa = PBXBuildFile; fileRef = CA06C8111A93FF3100DA2537 /* UIScrollView+SVPullToRefresh.m */; };
		CA492B781A606CDB00ED13B3 /* main.m in Sources */ = {isa = PBXBuildFile; fileRef = CA492B771A606CDB00ED13B3 /* main.m */; };
		CA492B7B1A606CDB00ED13B3 /* AppDelegate.m in Sources */ = {isa = PBXBuildFile; fileRef = CA492B7A1A606CDB00ED13B3 /* AppDelegate.m */; };
		CA492B811A606CDB00ED13B3 /* Main.storyboard in Resources */ = {isa = PBXBuildFile; fileRef = CA492B7F1A606CDB00ED13B3 /* Main.storyboard */; };
		CA492B831A606CDB00ED13B3 /* Images.xcassets in Resources */ = {isa = PBXBuildFile; fileRef = CA492B821A606CDB00ED13B3 /* Images.xcassets */; };
		CA492B861A606CDB00ED13B3 /* LaunchScreen.xib in Resources */ = {isa = PBXBuildFile; fileRef = CA492B841A606CDB00ED13B3 /* LaunchScreen.xib */; };
		CA492B921A606CDB00ED13B3 /* DayTradesTests.m in Sources */ = {isa = PBXBuildFile; fileRef = CA492B911A606CDB00ED13B3 /* DayTradesTests.m */; };
		CA492BA01A606E2600ED13B3 /* LeadersViewController.m in Sources */ = {isa = PBXBuildFile; fileRef = CA492B9F1A606E2600ED13B3 /* LeadersViewController.m */; };
		CA492BA31A606F2600ED13B3 /* AccountCell.xib in Resources */ = {isa = PBXBuildFile; fileRef = CA492BA21A606F2600ED13B3 /* AccountCell.xib */; };
		CA492BA71A606F7E00ED13B3 /* Account.m in Sources */ = {isa = PBXBuildFile; fileRef = CA492BA61A606F7E00ED13B3 /* Account.m */; };
		CA492BAD1A6072F400ED13B3 /* AccountCell.m in Sources */ = {isa = PBXBuildFile; fileRef = CA492BAC1A6072F400ED13B3 /* AccountCell.m */; };
		CA492BBD1A607BAB00ED13B3 /* AccountViewController.m in Sources */ = {isa = PBXBuildFile; fileRef = CA492BBC1A607BAB00ED13B3 /* AccountViewController.m */; };
		CA492BC31A607CD500ED13B3 /* PickCell.m in Sources */ = {isa = PBXBuildFile; fileRef = CA492BC21A607CD500ED13B3 /* PickCell.m */; };
		CA492BC51A607CE100ED13B3 /* PickCell.xib in Resources */ = {isa = PBXBuildFile; fileRef = CA492BC41A607CE100ED13B3 /* PickCell.xib */; };
		CA492BCD1A60853700ED13B3 /* PickViewController.m in Sources */ = {isa = PBXBuildFile; fileRef = CA492BCC1A60853700ED13B3 /* PickViewController.m */; };
		CA492BD41A60886F00ED13B3 /* FinanceClient.m in Sources */ = {isa = PBXBuildFile; fileRef = CA492BD31A60886F00ED13B3 /* FinanceClient.m */; };
		CA492BD71A608DEC00ED13B3 /* Quote.m in Sources */ = {isa = PBXBuildFile; fileRef = CA492BD61A608DEC00ED13B3 /* Quote.m */; };
		CA492BE71A60AD8300ED13B3 /* Pick.m in Sources */ = {isa = PBXBuildFile; fileRef = CA492BE61A60AD8300ED13B3 /* Pick.m */; };
		CA492BEA1A61D2F700ED13B3 /* Parse.framework in Frameworks */ = {isa = PBXBuildFile; fileRef = CA492BE91A61D2F700ED13B3 /* Parse.framework */; };
		CA492BEC1A61D30500ED13B3 /* Bolts.framework in Frameworks */ = {isa = PBXBuildFile; fileRef = CA492BEB1A61D30500ED13B3 /* Bolts.framework */; };
		CA492BF81A61D39000ED13B3 /* AudioToolbox.framework in Frameworks */ = {isa = PBXBuildFile; fileRef = CA492BED1A61D39000ED13B3 /* AudioToolbox.framework */; };
		CA492BF91A61D39000ED13B3 /* CFNetwork.framework in Frameworks */ = {isa = PBXBuildFile; fileRef = CA492BEE1A61D39000ED13B3 /* CFNetwork.framework */; };
		CA492BFA1A61D39000ED13B3 /* CoreGraphics.framework in Frameworks */ = {isa = PBXBuildFile; fileRef = CA492BEF1A61D39000ED13B3 /* CoreGraphics.framework */; };
		CA492BFB1A61D39000ED13B3 /* CoreLocation.framework in Frameworks */ = {isa = PBXBuildFile; fileRef = CA492BF01A61D39000ED13B3 /* CoreLocation.framework */; };
		CA492BFC1A61D39000ED13B3 /* libSystem.dylib in Frameworks */ = {isa = PBXBuildFile; fileRef = CA492BF11A61D39000ED13B3 /* libSystem.dylib */; };
		CA492BFD1A61D39000ED13B3 /* libz.dylib in Frameworks */ = {isa = PBXBuildFile; fileRef = CA492BF21A61D39000ED13B3 /* libz.dylib */; };
		CA492BFE1A61D39000ED13B3 /* MobileCoreServices.framework in Frameworks */ = {isa = PBXBuildFile; fileRef = CA492BF31A61D39000ED13B3 /* MobileCoreServices.framework */; };
		CA492BFF1A61D39000ED13B3 /* QuartzCore.framework in Frameworks */ = {isa = PBXBuildFile; fileRef = CA492BF41A61D39000ED13B3 /* QuartzCore.framework */; };
		CA492C001A61D39000ED13B3 /* Security.framework in Frameworks */ = {isa = PBXBuildFile; fileRef = CA492BF51A61D39000ED13B3 /* Security.framework */; };
		CA492C011A61D39000ED13B3 /* StoreKit.framework in Frameworks */ = {isa = PBXBuildFile; fileRef = CA492BF61A61D39000ED13B3 /* StoreKit.framework */; };
		CA492C021A61D39000ED13B3 /* SystemConfiguration.framework in Frameworks */ = {isa = PBXBuildFile; fileRef = CA492BF71A61D39000ED13B3 /* SystemConfiguration.framework */; };
		CA492C091A61D9A800ED13B3 /* LogInViewController.m in Sources */ = {isa = PBXBuildFile; fileRef = CA492C041A61D9A800ED13B3 /* LogInViewController.m */; };
		CA492C0A1A61D9A800ED13B3 /* SignUpViewController.m in Sources */ = {isa = PBXBuildFile; fileRef = CA492C061A61D9A800ED13B3 /* SignUpViewController.m */; };
		CA492C0D1A61DB3C00ED13B3 /* ParseUI.framework in Frameworks */ = {isa = PBXBuildFile; fileRef = CA492C0C1A61DB3C00ED13B3 /* ParseUI.framework */; settings = {ATTRIBUTES = (Required, ); }; };
		CA492C121A61DDAB00ED13B3 /* Accounts.framework in Frameworks */ = {isa = PBXBuildFile; fileRef = CA492C101A61DDAB00ED13B3 /* Accounts.framework */; };
		CA492C131A61DDAB00ED13B3 /* Social.framework in Frameworks */ = {isa = PBXBuildFile; fileRef = CA492C111A61DDAB00ED13B3 /* Social.framework */; };
		CA492C151A61DE1000ED13B3 /* libsqlite3.dylib in Frameworks */ = {isa = PBXBuildFile; fileRef = CA492C141A61DE1000ED13B3 /* libsqlite3.dylib */; };
		CA492C181A61E59700ED13B3 /* AppConstants.m in Sources */ = {isa = PBXBuildFile; fileRef = CA492C171A61E59700ED13B3 /* AppConstants.m */; };
		CA685CA71A89909600727CE1 /* DateHelper.m in Sources */ = {isa = PBXBuildFile; fileRef = CA685CA61A89909600727CE1 /* DateHelper.m */; };
		CA685CAA1A89923B00727CE1 /* PriceFormatter.m in Sources */ = {isa = PBXBuildFile; fileRef = CA685CA91A89923B00727CE1 /* PriceFormatter.m */; };
		CAAE46B91A81747E00B05BAB /* ParseClient.m in Sources */ = {isa = PBXBuildFile; fileRef = CAAE46B81A81747E00B05BAB /* ParseClient.m */; };
		CAAE46BC1A8193DC00B05BAB /* DayQuote.m in Sources */ = {isa = PBXBuildFile; fileRef = CAAE46BB1A8193DC00B05BAB /* DayQuote.m */; };
		CAD061FD1AA138BB0000C613 /* leaders.png in Resources */ = {isa = PBXBuildFile; fileRef = CAD061FB1AA138BB0000C613 /* leaders.png */; };
		CAD062001AA13A760000C613 /* logout.png in Resources */ = {isa = PBXBuildFile; fileRef = CAD061FF1AA13A760000C613 /* logout.png */; };
		CAFCA16D1AA269DF0076B79E /* background-1.jpg in Resources */ = {isa = PBXBuildFile; fileRef = CAFCA16C1AA269DF0076B79E /* background-1.jpg */; };
		CAFCA16F1AA270620076B79E /* background-2.jpg in Resources */ = {isa = PBXBuildFile; fileRef = CAFCA16E1AA270620076B79E /* background-2.jpg */; };
		CAFCA1731AA271D60076B79E /* background-3.jpg in Resources */ = {isa = PBXBuildFile; fileRef = CAFCA1721AA271D60076B79E /* background-3.jpg */; };
/* End PBXBuildFile section */

/* Begin PBXContainerItemProxy section */
		CA492B8C1A606CDB00ED13B3 /* PBXContainerItemProxy */ = {
			isa = PBXContainerItemProxy;
			containerPortal = CA492B6A1A606CDB00ED13B3 /* Project object */;
			proxyType = 1;
			remoteGlobalIDString = CA492B711A606CDB00ED13B3;
			remoteInfo = DayTrades;
		};
/* End PBXContainerItemProxy section */

/* Begin PBXFileReference section */
		CA06C80D1A93FF3100DA2537 /* SVPullToRefresh.h */ = {isa = PBXFileReference; fileEncoding = 4; lastKnownFileType = sourcecode.c.h; path = SVPullToRefresh.h; sourceTree = "<group>"; };
		CA06C80E1A93FF3100DA2537 /* UIScrollView+SVInfiniteScrolling.h */ = {isa = PBXFileReference; fileEncoding = 4; lastKnownFileType = sourcecode.c.h; path = "UIScrollView+SVInfiniteScrolling.h"; sourceTree = "<group>"; };
		CA06C80F1A93FF3100DA2537 /* UIScrollView+SVInfiniteScrolling.m */ = {isa = PBXFileReference; fileEncoding = 4; lastKnownFileType = sourcecode.c.objc; path = "UIScrollView+SVInfiniteScrolling.m"; sourceTree = "<group>"; };
		CA06C8101A93FF3100DA2537 /* UIScrollView+SVPullToRefresh.h */ = {isa = PBXFileReference; fileEncoding = 4; lastKnownFileType = sourcecode.c.h; path = "UIScrollView+SVPullToRefresh.h"; sourceTree = "<group>"; };
		CA06C8111A93FF3100DA2537 /* UIScrollView+SVPullToRefresh.m */ = {isa = PBXFileReference; fileEncoding = 4; lastKnownFileType = sourcecode.c.objc; path = "UIScrollView+SVPullToRefresh.m"; sourceTree = "<group>"; };
		CA492B721A606CDB00ED13B3 /* DayTrades.app */ = {isa = PBXFileReference; explicitFileType = wrapper.application; includeInIndex = 0; path = DayTrades.app; sourceTree = BUILT_PRODUCTS_DIR; };
		CA492B761A606CDB00ED13B3 /* Info.plist */ = {isa = PBXFileReference; lastKnownFileType = text.plist.xml; path = Info.plist; sourceTree = "<group>"; };
		CA492B771A606CDB00ED13B3 /* main.m */ = {isa = PBXFileReference; lastKnownFileType = sourcecode.c.objc; path = main.m; sourceTree = "<group>"; };
		CA492B791A606CDB00ED13B3 /* AppDelegate.h */ = {isa = PBXFileReference; lastKnownFileType = sourcecode.c.h; path = AppDelegate.h; sourceTree = "<group>"; };
		CA492B7A1A606CDB00ED13B3 /* AppDelegate.m */ = {isa = PBXFileReference; lastKnownFileType = sourcecode.c.objc; path = AppDelegate.m; sourceTree = "<group>"; };
		CA492B801A606CDB00ED13B3 /* Base */ = {isa = PBXFileReference; lastKnownFileType = file.storyboard; name = Base; path = Base.lproj/Main.storyboard; sourceTree = "<group>"; };
		CA492B821A606CDB00ED13B3 /* Images.xcassets */ = {isa = PBXFileReference; lastKnownFileType = folder.assetcatalog; path = Images.xcassets; sourceTree = "<group>"; };
		CA492B851A606CDB00ED13B3 /* Base */ = {isa = PBXFileReference; lastKnownFileType = file.xib; name = Base; path = Base.lproj/LaunchScreen.xib; sourceTree = "<group>"; };
		CA492B8B1A606CDB00ED13B3 /* DayTradesTests.xctest */ = {isa = PBXFileReference; explicitFileType = wrapper.cfbundle; includeInIndex = 0; path = DayTradesTests.xctest; sourceTree = BUILT_PRODUCTS_DIR; };
		CA492B901A606CDB00ED13B3 /* Info.plist */ = {isa = PBXFileReference; lastKnownFileType = text.plist.xml; path = Info.plist; sourceTree = "<group>"; };
		CA492B911A606CDB00ED13B3 /* DayTradesTests.m */ = {isa = PBXFileReference; lastKnownFileType = sourcecode.c.objc; path = DayTradesTests.m; sourceTree = "<group>"; };
		CA492B9E1A606E2600ED13B3 /* LeadersViewController.h */ = {isa = PBXFileReference; fileEncoding = 4; lastKnownFileType = sourcecode.c.h; path = LeadersViewController.h; sourceTree = "<group>"; };
		CA492B9F1A606E2600ED13B3 /* LeadersViewController.m */ = {isa = PBXFileReference; fileEncoding = 4; lastKnownFileType = sourcecode.c.objc; path = LeadersViewController.m; sourceTree = "<group>"; };
		CA492BA21A606F2600ED13B3 /* AccountCell.xib */ = {isa = PBXFileReference; fileEncoding = 4; lastKnownFileType = file.xib; path = AccountCell.xib; sourceTree = "<group>"; };
		CA492BA51A606F7E00ED13B3 /* Account.h */ = {isa = PBXFileReference; fileEncoding = 4; lastKnownFileType = sourcecode.c.h; path = Account.h; sourceTree = "<group>"; };
		CA492BA61A606F7E00ED13B3 /* Account.m */ = {isa = PBXFileReference; fileEncoding = 4; lastKnownFileType = sourcecode.c.objc; path = Account.m; sourceTree = "<group>"; };
		CA492BAB1A6072F400ED13B3 /* AccountCell.h */ = {isa = PBXFileReference; fileEncoding = 4; lastKnownFileType = sourcecode.c.h; path = AccountCell.h; sourceTree = "<group>"; };
		CA492BAC1A6072F400ED13B3 /* AccountCell.m */ = {isa = PBXFileReference; fileEncoding = 4; lastKnownFileType = sourcecode.c.objc; path = AccountCell.m; sourceTree = "<group>"; };
		CA492BBB1A607BAB00ED13B3 /* AccountViewController.h */ = {isa = PBXFileReference; fileEncoding = 4; lastKnownFileType = sourcecode.c.h; path = AccountViewController.h; sourceTree = "<group>"; };
		CA492BBC1A607BAB00ED13B3 /* AccountViewController.m */ = {isa = PBXFileReference; fileEncoding = 4; lastKnownFileType = sourcecode.c.objc; path = AccountViewController.m; sourceTree = "<group>"; };
		CA492BC11A607CD500ED13B3 /* PickCell.h */ = {isa = PBXFileReference; fileEncoding = 4; lastKnownFileType = sourcecode.c.h; path = PickCell.h; sourceTree = "<group>"; };
		CA492BC21A607CD500ED13B3 /* PickCell.m */ = {isa = PBXFileReference; fileEncoding = 4; lastKnownFileType = sourcecode.c.objc; path = PickCell.m; sourceTree = "<group>"; };
		CA492BC41A607CE100ED13B3 /* PickCell.xib */ = {isa = PBXFileReference; fileEncoding = 4; lastKnownFileType = file.xib; path = PickCell.xib; sourceTree = "<group>"; };
		CA492BCB1A60853700ED13B3 /* PickViewController.h */ = {isa = PBXFileReference; fileEncoding = 4; lastKnownFileType = sourcecode.c.h; path = PickViewController.h; sourceTree = "<group>"; };
		CA492BCC1A60853700ED13B3 /* PickViewController.m */ = {isa = PBXFileReference; fileEncoding = 4; lastKnownFileType = sourcecode.c.objc; path = PickViewController.m; sourceTree = "<group>"; };
		CA492BD21A60886F00ED13B3 /* FinanceClient.h */ = {isa = PBXFileReference; fileEncoding = 4; lastKnownFileType = sourcecode.c.h; path = FinanceClient.h; sourceTree = "<group>"; };
		CA492BD31A60886F00ED13B3 /* FinanceClient.m */ = {isa = PBXFileReference; fileEncoding = 4; lastKnownFileType = sourcecode.c.objc; path = FinanceClient.m; sourceTree = "<group>"; };
		CA492BD51A608DEC00ED13B3 /* Quote.h */ = {isa = PBXFileReference; fileEncoding = 4; lastKnownFileType = sourcecode.c.h; path = Quote.h; sourceTree = "<group>"; };
		CA492BD61A608DEC00ED13B3 /* Quote.m */ = {isa = PBXFileReference; fileEncoding = 4; lastKnownFileType = sourcecode.c.objc; path = Quote.m; sourceTree = "<group>"; };
		CA492BE51A60AD8300ED13B3 /* Pick.h */ = {isa = PBXFileReference; fileEncoding = 4; lastKnownFileType = sourcecode.c.h; path = Pick.h; sourceTree = "<group>"; };
		CA492BE61A60AD8300ED13B3 /* Pick.m */ = {isa = PBXFileReference; fileEncoding = 4; lastKnownFileType = sourcecode.c.objc; path = Pick.m; sourceTree = "<group>"; };
		CA492BE91A61D2F700ED13B3 /* Parse.framework */ = {isa = PBXFileReference; lastKnownFileType = wrapper.framework; path = Parse.framework; sourceTree = "<group>"; };
		CA492BEB1A61D30500ED13B3 /* Bolts.framework */ = {isa = PBXFileReference; lastKnownFileType = wrapper.framework; path = Bolts.framework; sourceTree = "<group>"; };
		CA492BED1A61D39000ED13B3 /* AudioToolbox.framework */ = {isa = PBXFileReference; lastKnownFileType = wrapper.framework; name = AudioToolbox.framework; path = System/Library/Frameworks/AudioToolbox.framework; sourceTree = SDKROOT; };
		CA492BEE1A61D39000ED13B3 /* CFNetwork.framework */ = {isa = PBXFileReference; lastKnownFileType = wrapper.framework; name = CFNetwork.framework; path = System/Library/Frameworks/CFNetwork.framework; sourceTree = SDKROOT; };
		CA492BEF1A61D39000ED13B3 /* CoreGraphics.framework */ = {isa = PBXFileReference; lastKnownFileType = wrapper.framework; name = CoreGraphics.framework; path = System/Library/Frameworks/CoreGraphics.framework; sourceTree = SDKROOT; };
		CA492BF01A61D39000ED13B3 /* CoreLocation.framework */ = {isa = PBXFileReference; lastKnownFileType = wrapper.framework; name = CoreLocation.framework; path = System/Library/Frameworks/CoreLocation.framework; sourceTree = SDKROOT; };
		CA492BF11A61D39000ED13B3 /* libSystem.dylib */ = {isa = PBXFileReference; lastKnownFileType = "compiled.mach-o.dylib"; name = libSystem.dylib; path = usr/lib/libSystem.dylib; sourceTree = SDKROOT; };
		CA492BF21A61D39000ED13B3 /* libz.dylib */ = {isa = PBXFileReference; lastKnownFileType = "compiled.mach-o.dylib"; name = libz.dylib; path = usr/lib/libz.dylib; sourceTree = SDKROOT; };
		CA492BF31A61D39000ED13B3 /* MobileCoreServices.framework */ = {isa = PBXFileReference; lastKnownFileType = wrapper.framework; name = MobileCoreServices.framework; path = System/Library/Frameworks/MobileCoreServices.framework; sourceTree = SDKROOT; };
		CA492BF41A61D39000ED13B3 /* QuartzCore.framework */ = {isa = PBXFileReference; lastKnownFileType = wrapper.framework; name = QuartzCore.framework; path = System/Library/Frameworks/QuartzCore.framework; sourceTree = SDKROOT; };
		CA492BF51A61D39000ED13B3 /* Security.framework */ = {isa = PBXFileReference; lastKnownFileType = wrapper.framework; name = Security.framework; path = System/Library/Frameworks/Security.framework; sourceTree = SDKROOT; };
		CA492BF61A61D39000ED13B3 /* StoreKit.framework */ = {isa = PBXFileReference; lastKnownFileType = wrapper.framework; name = StoreKit.framework; path = System/Library/Frameworks/StoreKit.framework; sourceTree = SDKROOT; };
		CA492BF71A61D39000ED13B3 /* SystemConfiguration.framework */ = {isa = PBXFileReference; lastKnownFileType = wrapper.framework; name = SystemConfiguration.framework; path = System/Library/Frameworks/SystemConfiguration.framework; sourceTree = SDKROOT; };
		CA492C031A61D9A800ED13B3 /* LogInViewController.h */ = {isa = PBXFileReference; fileEncoding = 4; lastKnownFileType = sourcecode.c.h; path = LogInViewController.h; sourceTree = "<group>"; };
		CA492C041A61D9A800ED13B3 /* LogInViewController.m */ = {isa = PBXFileReference; fileEncoding = 4; lastKnownFileType = sourcecode.c.objc; path = LogInViewController.m; sourceTree = "<group>"; };
		CA492C051A61D9A800ED13B3 /* SignUpViewController.h */ = {isa = PBXFileReference; fileEncoding = 4; lastKnownFileType = sourcecode.c.h; path = SignUpViewController.h; sourceTree = "<group>"; };
		CA492C061A61D9A800ED13B3 /* SignUpViewController.m */ = {isa = PBXFileReference; fileEncoding = 4; lastKnownFileType = sourcecode.c.objc; path = SignUpViewController.m; sourceTree = "<group>"; };
		CA492C0C1A61DB3C00ED13B3 /* ParseUI.framework */ = {isa = PBXFileReference; lastKnownFileType = wrapper.framework; path = ParseUI.framework; sourceTree = "<group>"; };
		CA492C101A61DDAB00ED13B3 /* Accounts.framework */ = {isa = PBXFileReference; lastKnownFileType = wrapper.framework; name = Accounts.framework; path = System/Library/Frameworks/Accounts.framework; sourceTree = SDKROOT; };
		CA492C111A61DDAB00ED13B3 /* Social.framework */ = {isa = PBXFileReference; lastKnownFileType = wrapper.framework; name = Social.framework; path = System/Library/Frameworks/Social.framework; sourceTree = SDKROOT; };
		CA492C141A61DE1000ED13B3 /* libsqlite3.dylib */ = {isa = PBXFileReference; lastKnownFileType = "compiled.mach-o.dylib"; name = libsqlite3.dylib; path = usr/lib/libsqlite3.dylib; sourceTree = SDKROOT; };
		CA492C161A61E59700ED13B3 /* AppConstants.h */ = {isa = PBXFileReference; fileEncoding = 4; lastKnownFileType = sourcecode.c.h; path = AppConstants.h; sourceTree = "<group>"; };
		CA492C171A61E59700ED13B3 /* AppConstants.m */ = {isa = PBXFileReference; fileEncoding = 4; lastKnownFileType = sourcecode.c.objc; path = AppConstants.m; sourceTree = "<group>"; };
		CA685CA51A89909600727CE1 /* DateHelper.h */ = {isa = PBXFileReference; fileEncoding = 4; lastKnownFileType = sourcecode.c.h; path = DateHelper.h; sourceTree = "<group>"; };
		CA685CA61A89909600727CE1 /* DateHelper.m */ = {isa = PBXFileReference; fileEncoding = 4; lastKnownFileType = sourcecode.c.objc; path = DateHelper.m; sourceTree = "<group>"; };
		CA685CA81A89923B00727CE1 /* PriceFormatter.h */ = {isa = PBXFileReference; fileEncoding = 4; lastKnownFileType = sourcecode.c.h; path = PriceFormatter.h; sourceTree = "<group>"; };
		CA685CA91A89923B00727CE1 /* PriceFormatter.m */ = {isa = PBXFileReference; fileEncoding = 4; lastKnownFileType = sourcecode.c.objc; path = PriceFormatter.m; sourceTree = "<group>"; };
		CAAE46B71A81747E00B05BAB /* ParseClient.h */ = {isa = PBXFileReference; fileEncoding = 4; lastKnownFileType = sourcecode.c.h; path = ParseClient.h; sourceTree = "<group>"; };
		CAAE46B81A81747E00B05BAB /* ParseClient.m */ = {isa = PBXFileReference; fileEncoding = 4; lastKnownFileType = sourcecode.c.objc; path = ParseClient.m; sourceTree = "<group>"; };
		CAAE46BA1A8193DC00B05BAB /* DayQuote.h */ = {isa = PBXFileReference; fileEncoding = 4; lastKnownFileType = sourcecode.c.h; path = DayQuote.h; sourceTree = "<group>"; };
		CAAE46BB1A8193DC00B05BAB /* DayQuote.m */ = {isa = PBXFileReference; fileEncoding = 4; lastKnownFileType = sourcecode.c.objc; path = DayQuote.m; sourceTree = "<group>"; };
		CAD061FB1AA138BB0000C613 /* leaders.png */ = {isa = PBXFileReference; lastKnownFileType = image.png; path = leaders.png; sourceTree = "<group>"; };
		CAD061FF1AA13A760000C613 /* logout.png */ = {isa = PBXFileReference; lastKnownFileType = image.png; path = logout.png; sourceTree = "<group>"; };
		CAFCA16C1AA269DF0076B79E /* background-1.jpg */ = {isa = PBXFileReference; lastKnownFileType = image.jpeg; path = "background-1.jpg"; sourceTree = "<group>"; };
		CAFCA16E1AA270620076B79E /* background-2.jpg */ = {isa = PBXFileReference; lastKnownFileType = image.jpeg; path = "background-2.jpg"; sourceTree = "<group>"; };
		CAFCA1721AA271D60076B79E /* background-3.jpg */ = {isa = PBXFileReference; lastKnownFileType = image.jpeg; path = "background-3.jpg"; sourceTree = "<group>"; };
/* End PBXFileReference section */

/* Begin PBXFrameworksBuildPhase section */
		CA492B6F1A606CDB00ED13B3 /* Frameworks */ = {
			isa = PBXFrameworksBuildPhase;
			buildActionMask = 2147483647;
			files = (
				CA492BFD1A61D39000ED13B3 /* libz.dylib in Frameworks */,
				CA492BFC1A61D39000ED13B3 /* libSystem.dylib in Frameworks */,
				CA492C151A61DE1000ED13B3 /* libsqlite3.dylib in Frameworks */,
				CA492C121A61DDAB00ED13B3 /* Accounts.framework in Frameworks */,
				CA492C131A61DDAB00ED13B3 /* Social.framework in Frameworks */,
				CA492BF81A61D39000ED13B3 /* AudioToolbox.framework in Frameworks */,
				CA492BF91A61D39000ED13B3 /* CFNetwork.framework in Frameworks */,
				CA492BFA1A61D39000ED13B3 /* CoreGraphics.framework in Frameworks */,
				CA492BFB1A61D39000ED13B3 /* CoreLocation.framework in Frameworks */,
				CA492BFE1A61D39000ED13B3 /* MobileCoreServices.framework in Frameworks */,
				CA492BFF1A61D39000ED13B3 /* QuartzCore.framework in Frameworks */,
				CA492C001A61D39000ED13B3 /* Security.framework in Frameworks */,
				CA492C011A61D39000ED13B3 /* StoreKit.framework in Frameworks */,
				CA492C021A61D39000ED13B3 /* SystemConfiguration.framework in Frameworks */,
				CA492BEA1A61D2F700ED13B3 /* Parse.framework in Frameworks */,
				CA492C0D1A61DB3C00ED13B3 /* ParseUI.framework in Frameworks */,
				CA492BEC1A61D30500ED13B3 /* Bolts.framework in Frameworks */,
			);
			runOnlyForDeploymentPostprocessing = 0;
		};
		CA492B881A606CDB00ED13B3 /* Frameworks */ = {
			isa = PBXFrameworksBuildPhase;
			buildActionMask = 2147483647;
			files = (
			);
			runOnlyForDeploymentPostprocessing = 0;
		};
/* End PBXFrameworksBuildPhase section */

/* Begin PBXGroup section */
		CA06C80C1A93FF3100DA2537 /* SVPullToRefresh */ = {
			isa = PBXGroup;
			children = (
				CA06C80D1A93FF3100DA2537 /* SVPullToRefresh.h */,
				CA06C80E1A93FF3100DA2537 /* UIScrollView+SVInfiniteScrolling.h */,
				CA06C80F1A93FF3100DA2537 /* UIScrollView+SVInfiniteScrolling.m */,
				CA06C8101A93FF3100DA2537 /* UIScrollView+SVPullToRefresh.h */,
				CA06C8111A93FF3100DA2537 /* UIScrollView+SVPullToRefresh.m */,
			);
			name = SVPullToRefresh;
			path = ../../SVPullToRefresh/SVPullToRefresh;
			sourceTree = "<group>";
		};
		CA492B691A606CDB00ED13B3 = {
			isa = PBXGroup;
			children = (
				CA492B741A606CDB00ED13B3 /* DayTrades */,
				CA492B8E1A606CDB00ED13B3 /* DayTradesTests */,
				CA492BE81A61D2BC00ED13B3 /* Frameworks */,
				CA492B731A606CDB00ED13B3 /* Products */,
			);
			sourceTree = "<group>";
		};
		CA492B731A606CDB00ED13B3 /* Products */ = {
			isa = PBXGroup;
			children = (
				CA492B721A606CDB00ED13B3 /* DayTrades.app */,
				CA492B8B1A606CDB00ED13B3 /* DayTradesTests.xctest */,
			);
			name = Products;
			sourceTree = "<group>";
		};
		CA492B741A606CDB00ED13B3 /* DayTrades */ = {
			isa = PBXGroup;
			children = (
				CAD061FA1AA136DC0000C613 /* Images */,
				CA492BD11A60884200ED13B3 /* Clients */,
				CA492BA41A606F6500ED13B3 /* Models */,
				CA492BA11A606F0000ED13B3 /* Views */,
				CA492B9B1A606DA800ED13B3 /* Controllers */,
				CA685CA41A89902500727CE1 /* Helpers */,
				CA492B791A606CDB00ED13B3 /* AppDelegate.h */,
				CA492B7A1A606CDB00ED13B3 /* AppDelegate.m */,
				CA492C161A61E59700ED13B3 /* AppConstants.h */,
				CA492C171A61E59700ED13B3 /* AppConstants.m */,
				CA492B7F1A606CDB00ED13B3 /* Main.storyboard */,
				CA492B821A606CDB00ED13B3 /* Images.xcassets */,
				CA492B841A606CDB00ED13B3 /* LaunchScreen.xib */,
				CA492B751A606CDB00ED13B3 /* Supporting Files */,
				CA06C80C1A93FF3100DA2537 /* SVPullToRefresh */,
			);
			path = DayTrades;
			sourceTree = "<group>";
		};
		CA492B751A606CDB00ED13B3 /* Supporting Files */ = {
			isa = PBXGroup;
			children = (
				CA492B761A606CDB00ED13B3 /* Info.plist */,
				CA492B771A606CDB00ED13B3 /* main.m */,
			);
			name = "Supporting Files";
			sourceTree = "<group>";
		};
		CA492B8E1A606CDB00ED13B3 /* DayTradesTests */ = {
			isa = PBXGroup;
			children = (
				CA492B911A606CDB00ED13B3 /* DayTradesTests.m */,
				CA492B8F1A606CDB00ED13B3 /* Supporting Files */,
			);
			path = DayTradesTests;
			sourceTree = "<group>";
		};
		CA492B8F1A606CDB00ED13B3 /* Supporting Files */ = {
			isa = PBXGroup;
			children = (
				CA492B901A606CDB00ED13B3 /* Info.plist */,
			);
			name = "Supporting Files";
			sourceTree = "<group>";
		};
		CA492B9B1A606DA800ED13B3 /* Controllers */ = {
			isa = PBXGroup;
			children = (
				CA492C031A61D9A800ED13B3 /* LogInViewController.h */,
				CA492C041A61D9A800ED13B3 /* LogInViewController.m */,
				CA492C051A61D9A800ED13B3 /* SignUpViewController.h */,
				CA492C061A61D9A800ED13B3 /* SignUpViewController.m */,
				CA492B9E1A606E2600ED13B3 /* LeadersViewController.h */,
				CA492B9F1A606E2600ED13B3 /* LeadersViewController.m */,
				CA492BBB1A607BAB00ED13B3 /* AccountViewController.h */,
				CA492BBC1A607BAB00ED13B3 /* AccountViewController.m */,
				CA492BCB1A60853700ED13B3 /* PickViewController.h */,
				CA492BCC1A60853700ED13B3 /* PickViewController.m */,
			);
			name = Controllers;
			sourceTree = "<group>";
		};
		CA492BA11A606F0000ED13B3 /* Views */ = {
			isa = PBXGroup;
			children = (
				CA492BA21A606F2600ED13B3 /* AccountCell.xib */,
				CA492BAB1A6072F400ED13B3 /* AccountCell.h */,
				CA492BAC1A6072F400ED13B3 /* AccountCell.m */,
				CA492BC41A607CE100ED13B3 /* PickCell.xib */,
				CA492BC11A607CD500ED13B3 /* PickCell.h */,
				CA492BC21A607CD500ED13B3 /* PickCell.m */,
			);
			name = Views;
			sourceTree = "<group>";
		};
		CA492BA41A606F6500ED13B3 /* Models */ = {
			isa = PBXGroup;
			children = (
				CA492BA51A606F7E00ED13B3 /* Account.h */,
				CA492BA61A606F7E00ED13B3 /* Account.m */,
				CA492BE51A60AD8300ED13B3 /* Pick.h */,
				CA492BE61A60AD8300ED13B3 /* Pick.m */,
				CA492BD51A608DEC00ED13B3 /* Quote.h */,
				CA492BD61A608DEC00ED13B3 /* Quote.m */,
				CAAE46BA1A8193DC00B05BAB /* DayQuote.h */,
				CAAE46BB1A8193DC00B05BAB /* DayQuote.m */,
			);
			name = Models;
			sourceTree = "<group>";
		};
		CA492BD11A60884200ED13B3 /* Clients */ = {
			isa = PBXGroup;
			children = (
				CA492BD21A60886F00ED13B3 /* FinanceClient.h */,
				CA492BD31A60886F00ED13B3 /* FinanceClient.m */,
				CAAE46B71A81747E00B05BAB /* ParseClient.h */,
				CAAE46B81A81747E00B05BAB /* ParseClient.m */,
			);
			name = Clients;
			sourceTree = "<group>";
		};
		CA492BE81A61D2BC00ED13B3 /* Frameworks */ = {
			isa = PBXGroup;
			children = (
				CA492C141A61DE1000ED13B3 /* libsqlite3.dylib */,
				CA492C101A61DDAB00ED13B3 /* Accounts.framework */,
				CA492C111A61DDAB00ED13B3 /* Social.framework */,
				CA492BED1A61D39000ED13B3 /* AudioToolbox.framework */,
				CA492BEE1A61D39000ED13B3 /* CFNetwork.framework */,
				CA492BEF1A61D39000ED13B3 /* CoreGraphics.framework */,
				CA492BF01A61D39000ED13B3 /* CoreLocation.framework */,
				CA492BF11A61D39000ED13B3 /* libSystem.dylib */,
				CA492BF21A61D39000ED13B3 /* libz.dylib */,
				CA492BF31A61D39000ED13B3 /* MobileCoreServices.framework */,
				CA492BF41A61D39000ED13B3 /* QuartzCore.framework */,
				CA492BF51A61D39000ED13B3 /* Security.framework */,
				CA492BF61A61D39000ED13B3 /* StoreKit.framework */,
				CA492BF71A61D39000ED13B3 /* SystemConfiguration.framework */,
				CA492BE91A61D2F700ED13B3 /* Parse.framework */,
				CA492C0C1A61DB3C00ED13B3 /* ParseUI.framework */,
				CA492BEB1A61D30500ED13B3 /* Bolts.framework */,
			);
			name = Frameworks;
			sourceTree = "<group>";
		};
		CA685CA41A89902500727CE1 /* Helpers */ = {
			isa = PBXGroup;
			children = (
				CA685CA51A89909600727CE1 /* DateHelper.h */,
				CA685CA61A89909600727CE1 /* DateHelper.m */,
				CA685CA81A89923B00727CE1 /* PriceFormatter.h */,
				CA685CA91A89923B00727CE1 /* PriceFormatter.m */,
			);
			name = Helpers;
			sourceTree = "<group>";
		};
		CAD061FA1AA136DC0000C613 /* Images */ = {
			isa = PBXGroup;
			children = (
				CAFCA16C1AA269DF0076B79E /* background-1.jpg */,
				CAFCA16E1AA270620076B79E /* background-2.jpg */,
				CAFCA1721AA271D60076B79E /* background-3.jpg */,
				CAD061FF1AA13A760000C613 /* logout.png */,
				CAD061FB1AA138BB0000C613 /* leaders.png */,
			);
			name = Images;
			sourceTree = "<group>";
		};
/* End PBXGroup section */

/* Begin PBXNativeTarget section */
		CA492B711A606CDB00ED13B3 /* DayTrades */ = {
			isa = PBXNativeTarget;
			buildConfigurationList = CA492B951A606CDB00ED13B3 /* Build configuration list for PBXNativeTarget "DayTrades" */;
			buildPhases = (
				CA492B6E1A606CDB00ED13B3 /* Sources */,
				CA492B6F1A606CDB00ED13B3 /* Frameworks */,
				CA492B701A606CDB00ED13B3 /* Resources */,
			);
			buildRules = (
			);
			dependencies = (
			);
			name = DayTrades;
			productName = DayTrades;
			productReference = CA492B721A606CDB00ED13B3 /* DayTrades.app */;
			productType = "com.apple.product-type.application";
		};
		CA492B8A1A606CDB00ED13B3 /* DayTradesTests */ = {
			isa = PBXNativeTarget;
			buildConfigurationList = CA492B981A606CDB00ED13B3 /* Build configuration list for PBXNativeTarget "DayTradesTests" */;
			buildPhases = (
				CA492B871A606CDB00ED13B3 /* Sources */,
				CA492B881A606CDB00ED13B3 /* Frameworks */,
				CA492B891A606CDB00ED13B3 /* Resources */,
			);
			buildRules = (
			);
			dependencies = (
				CA492B8D1A606CDB00ED13B3 /* PBXTargetDependency */,
			);
			name = DayTradesTests;
			productName = DayTradesTests;
			productReference = CA492B8B1A606CDB00ED13B3 /* DayTradesTests.xctest */;
			productType = "com.apple.product-type.bundle.unit-test";
		};
/* End PBXNativeTarget section */

/* Begin PBXProject section */
		CA492B6A1A606CDB00ED13B3 /* Project object */ = {
			isa = PBXProject;
			attributes = {
				LastUpgradeCheck = 0600;
				ORGANIZATIONNAME = "Jason Wells";
				TargetAttributes = {
					CA492B711A606CDB00ED13B3 = {
						CreatedOnToolsVersion = 6.0;
					};
					CA492B8A1A606CDB00ED13B3 = {
						CreatedOnToolsVersion = 6.0;
						TestTargetID = CA492B711A606CDB00ED13B3;
					};
				};
			};
			buildConfigurationList = CA492B6D1A606CDB00ED13B3 /* Build configuration list for PBXProject "DayTrades" */;
			compatibilityVersion = "Xcode 3.2";
			developmentRegion = English;
			hasScannedForEncodings = 0;
			knownRegions = (
				en,
				Base,
			);
			mainGroup = CA492B691A606CDB00ED13B3;
			productRefGroup = CA492B731A606CDB00ED13B3 /* Products */;
			projectDirPath = "";
			projectRoot = "";
			targets = (
				CA492B711A606CDB00ED13B3 /* DayTrades */,
				CA492B8A1A606CDB00ED13B3 /* DayTradesTests */,
			);
		};
/* End PBXProject section */

/* Begin PBXResourcesBuildPhase section */
		CA492B701A606CDB00ED13B3 /* Resources */ = {
			isa = PBXResourcesBuildPhase;
			buildActionMask = 2147483647;
			files = (
				CA492B811A606CDB00ED13B3 /* Main.storyboard in Resources */,
				CA492BA31A606F2600ED13B3 /* AccountCell.xib in Resources */,
				CA492B861A606CDB00ED13B3 /* LaunchScreen.xib in Resources */,
				CAFCA16F1AA270620076B79E /* background-2.jpg in Resources */,
				CAFCA16D1AA269DF0076B79E /* background-1.jpg in Resources */,
				CA492B831A606CDB00ED13B3 /* Images.xcassets in Resources */,
				CAD062001AA13A760000C613 /* logout.png in Resources */,
				CAD061FD1AA138BB0000C613 /* leaders.png in Resources */,
				CA492BC51A607CE100ED13B3 /* PickCell.xib in Resources */,
				CAFCA1731AA271D60076B79E /* background-3.jpg in Resources */,
			);
			runOnlyForDeploymentPostprocessing = 0;
		};
		CA492B891A606CDB00ED13B3 /* Resources */ = {
			isa = PBXResourcesBuildPhase;
			buildActionMask = 2147483647;
			files = (
			);
			runOnlyForDeploymentPostprocessing = 0;
		};
/* End PBXResourcesBuildPhase section */

/* Begin PBXSourcesBuildPhase section */
		CA492B6E1A606CDB00ED13B3 /* Sources */ = {
			isa = PBXSourcesBuildPhase;
			buildActionMask = 2147483647;
			files = (
				CA492B7B1A606CDB00ED13B3 /* AppDelegate.m in Sources */,
				CAAE46BC1A8193DC00B05BAB /* DayQuote.m in Sources */,
				CA685CAA1A89923B00727CE1 /* PriceFormatter.m in Sources */,
				CA492BD41A60886F00ED13B3 /* FinanceClient.m in Sources */,
				CA06C8131A93FF3100DA2537 /* UIScrollView+SVPullToRefresh.m in Sources */,
				CA492BA01A606E2600ED13B3 /* LeadersViewController.m in Sources */,
				CA492BCD1A60853700ED13B3 /* PickViewController.m in Sources */,
				CAAE46B91A81747E00B05BAB /* ParseClient.m in Sources */,
				CA685CA71A89909600727CE1 /* DateHelper.m in Sources */,
				CA492C091A61D9A800ED13B3 /* LogInViewController.m in Sources */,
				CA492BC31A607CD500ED13B3 /* PickCell.m in Sources */,
				CA492BA71A606F7E00ED13B3 /* Account.m in Sources */,
				CA492BE71A60AD8300ED13B3 /* Pick.m in Sources */,
				CA492B781A606CDB00ED13B3 /* main.m in Sources */,
				CA492C181A61E59700ED13B3 /* AppConstants.m in Sources */,
				CA492BD71A608DEC00ED13B3 /* Quote.m in Sources */,
				CA492BBD1A607BAB00ED13B3 /* AccountViewController.m in Sources */,
				CA492C0A1A61D9A800ED13B3 /* SignUpViewController.m in Sources */,
				CA492BAD1A6072F400ED13B3 /* AccountCell.m in Sources */,
				CA06C8121A93FF3100DA2537 /* UIScrollView+SVInfiniteScrolling.m in Sources */,
			);
			runOnlyForDeploymentPostprocessing = 0;
		};
		CA492B871A606CDB00ED13B3 /* Sources */ = {
			isa = PBXSourcesBuildPhase;
			buildActionMask = 2147483647;
			files = (
				CA492B921A606CDB00ED13B3 /* DayTradesTests.m in Sources */,
			);
			runOnlyForDeploymentPostprocessing = 0;
		};
/* End PBXSourcesBuildPhase section */

/* Begin PBXTargetDependency section */
		CA492B8D1A606CDB00ED13B3 /* PBXTargetDependency */ = {
			isa = PBXTargetDependency;
			target = CA492B711A606CDB00ED13B3 /* DayTrades */;
			targetProxy = CA492B8C1A606CDB00ED13B3 /* PBXContainerItemProxy */;
		};
/* End PBXTargetDependency section */

/* Begin PBXVariantGroup section */
		CA492B7F1A606CDB00ED13B3 /* Main.storyboard */ = {
			isa = PBXVariantGroup;
			children = (
				CA492B801A606CDB00ED13B3 /* Base */,
			);
			name = Main.storyboard;
			sourceTree = "<group>";
		};
		CA492B841A606CDB00ED13B3 /* LaunchScreen.xib */ = {
			isa = PBXVariantGroup;
			children = (
				CA492B851A606CDB00ED13B3 /* Base */,
			);
			name = LaunchScreen.xib;
			sourceTree = "<group>";
		};
/* End PBXVariantGroup section */

/* Begin XCBuildConfiguration section */
		CA492B931A606CDB00ED13B3 /* Debug */ = {
			isa = XCBuildConfiguration;
			buildSettings = {
				ALWAYS_SEARCH_USER_PATHS = NO;
				CLANG_CXX_LANGUAGE_STANDARD = "gnu++0x";
				CLANG_CXX_LIBRARY = "libc++";
				CLANG_ENABLE_MODULES = YES;
				CLANG_ENABLE_OBJC_ARC = YES;
				CLANG_WARN_BOOL_CONVERSION = YES;
				CLANG_WARN_CONSTANT_CONVERSION = YES;
				CLANG_WARN_DIRECT_OBJC_ISA_USAGE = YES_ERROR;
				CLANG_WARN_EMPTY_BODY = YES;
				CLANG_WARN_ENUM_CONVERSION = YES;
				CLANG_WARN_INT_CONVERSION = YES;
				CLANG_WARN_OBJC_ROOT_CLASS = YES_ERROR;
				CLANG_WARN_UNREACHABLE_CODE = YES;
				CLANG_WARN__DUPLICATE_METHOD_MATCH = YES;
				"CODE_SIGN_IDENTITY[sdk=iphoneos*]" = "iPhone Developer";
				COPY_PHASE_STRIP = NO;
				ENABLE_STRICT_OBJC_MSGSEND = YES;
				GCC_C_LANGUAGE_STANDARD = gnu99;
				GCC_DYNAMIC_NO_PIC = NO;
				GCC_OPTIMIZATION_LEVEL = 0;
				GCC_PREPROCESSOR_DEFINITIONS = (
					"DEBUG=1",
					"$(inherited)",
				);
				GCC_SYMBOLS_PRIVATE_EXTERN = NO;
				GCC_WARN_64_TO_32_BIT_CONVERSION = YES;
				GCC_WARN_ABOUT_RETURN_TYPE = YES_ERROR;
				GCC_WARN_UNDECLARED_SELECTOR = YES;
				GCC_WARN_UNINITIALIZED_AUTOS = YES_AGGRESSIVE;
				GCC_WARN_UNUSED_FUNCTION = YES;
				GCC_WARN_UNUSED_VARIABLE = YES;
				IPHONEOS_DEPLOYMENT_TARGET = 8.0;
				MTL_ENABLE_DEBUG_INFO = YES;
				ONLY_ACTIVE_ARCH = YES;
				SDKROOT = iphoneos;
			};
			name = Debug;
		};
		CA492B941A606CDB00ED13B3 /* Release */ = {
			isa = XCBuildConfiguration;
			buildSettings = {
				ALWAYS_SEARCH_USER_PATHS = NO;
				CLANG_CXX_LANGUAGE_STANDARD = "gnu++0x";
				CLANG_CXX_LIBRARY = "libc++";
				CLANG_ENABLE_MODULES = YES;
				CLANG_ENABLE_OBJC_ARC = YES;
				CLANG_WARN_BOOL_CONVERSION = YES;
				CLANG_WARN_CONSTANT_CONVERSION = YES;
				CLANG_WARN_DIRECT_OBJC_ISA_USAGE = YES_ERROR;
				CLANG_WARN_EMPTY_BODY = YES;
				CLANG_WARN_ENUM_CONVERSION = YES;
				CLANG_WARN_INT_CONVERSION = YES;
				CLANG_WARN_OBJC_ROOT_CLASS = YES_ERROR;
				CLANG_WARN_UNREACHABLE_CODE = YES;
				CLANG_WARN__DUPLICATE_METHOD_MATCH = YES;
				"CODE_SIGN_IDENTITY[sdk=iphoneos*]" = "iPhone Developer";
				COPY_PHASE_STRIP = YES;
				ENABLE_NS_ASSERTIONS = NO;
				ENABLE_STRICT_OBJC_MSGSEND = YES;
				GCC_C_LANGUAGE_STANDARD = gnu99;
				GCC_WARN_64_TO_32_BIT_CONVERSION = YES;
				GCC_WARN_ABOUT_RETURN_TYPE = YES_ERROR;
				GCC_WARN_UNDECLARED_SELECTOR = YES;
				GCC_WARN_UNINITIALIZED_AUTOS = YES_AGGRESSIVE;
				GCC_WARN_UNUSED_FUNCTION = YES;
				GCC_WARN_UNUSED_VARIABLE = YES;
				IPHONEOS_DEPLOYMENT_TARGET = 8.0;
				MTL_ENABLE_DEBUG_INFO = NO;
				SDKROOT = iphoneos;
				VALIDATE_PRODUCT = YES;
			};
			name = Release;
		};
		CA492B961A606CDB00ED13B3 /* Debug */ = {
			isa = XCBuildConfiguration;
			buildSettings = {
				ASSETCATALOG_COMPILER_APPICON_NAME = AppIcon;
				FRAMEWORK_SEARCH_PATHS = (
					"$(inherited)",
					"$(PROJECT_DIR)",
				);
				INFOPLIST_FILE = DayTrades/Info.plist;
				LD_RUNPATH_SEARCH_PATHS = "$(inherited) @executable_path/Frameworks";
				PRODUCT_NAME = DayTrades;
			};
			name = Debug;
		};
		CA492B971A606CDB00ED13B3 /* Release */ = {
			isa = XCBuildConfiguration;
			buildSettings = {
				ASSETCATALOG_COMPILER_APPICON_NAME = AppIcon;
				FRAMEWORK_SEARCH_PATHS = (
					"$(inherited)",
					"$(PROJECT_DIR)",
				);
				INFOPLIST_FILE = DayTrades/Info.plist;
				LD_RUNPATH_SEARCH_PATHS = "$(inherited) @executable_path/Frameworks";
				PRODUCT_NAME = DayTrades;
			};
			name = Release;
		};
		CA492B991A606CDB00ED13B3 /* Debug */ = {
			isa = XCBuildConfiguration;
			buildSettings = {
				BUNDLE_LOADER = "$(TEST_HOST)";
				FRAMEWORK_SEARCH_PATHS = (
					"$(SDKROOT)/Developer/Library/Frameworks",
					"$(inherited)",
				);
				GCC_PREPROCESSOR_DEFINITIONS = (
					"DEBUG=1",
					"$(inherited)",
				);
				INFOPLIST_FILE = DayTradesTests/Info.plist;
				LD_RUNPATH_SEARCH_PATHS = "$(inherited) @executable_path/Frameworks @loader_path/Frameworks";
				PRODUCT_NAME = DayTradesTests;
				TEST_HOST = "$(BUILT_PRODUCTS_DIR)/DayTrades.app/DayTrades";
			};
			name = Debug;
		};
		CA492B9A1A606CDB00ED13B3 /* Release */ = {
			isa = XCBuildConfiguration;
			buildSettings = {
				BUNDLE_LOADER = "$(TEST_HOST)";
				FRAMEWORK_SEARCH_PATHS = (
					"$(SDKROOT)/Developer/Library/Frameworks",
					"$(inherited)",
				);
				INFOPLIST_FILE = DayTradesTests/Info.plist;
				LD_RUNPATH_SEARCH_PATHS = "$(inherited) @executable_path/Frameworks @loader_path/Frameworks";
				PRODUCT_NAME = DayTradesTests;
				TEST_HOST = "$(BUILT_PRODUCTS_DIR)/DayTrades.app/DayTrades";
			};
			name = Release;
		};
/* End XCBuildConfiguration section */

/* Begin XCConfigurationList section */
		CA492B6D1A606CDB00ED13B3 /* Build configuration list for PBXProject "DayTrades" */ = {
			isa = XCConfigurationList;
			buildConfigurations = (
				CA492B931A606CDB00ED13B3 /* Debug */,
				CA492B941A606CDB00ED13B3 /* Release */,
			);
			defaultConfigurationIsVisible = 0;
			defaultConfigurationName = Release;
		};
		CA492B951A606CDB00ED13B3 /* Build configuration list for PBXNativeTarget "DayTrades" */ = {
			isa = XCConfigurationList;
			buildConfigurations = (
				CA492B961A606CDB00ED13B3 /* Debug */,
				CA492B971A606CDB00ED13B3 /* Release */,
			);
			defaultConfigurationIsVisible = 0;
			defaultConfigurationName = Release;
		};
		CA492B981A606CDB00ED13B3 /* Build configuration list for PBXNativeTarget "DayTradesTests" */ = {
			isa = XCConfigurationList;
			buildConfigurations = (
				CA492B991A606CDB00ED13B3 /* Debug */,
				CA492B9A1A606CDB00ED13B3 /* Release */,
			);
			defaultConfigurationIsVisible = 0;
			defaultConfigurationName = Release;
		};
/* End XCConfigurationList section */
	};
	rootObject = CA492B6A1A606CDB00ED13B3 /* Project object */;
}
