// !$*UTF8*$!
{
	archiveVersion = 1;
	classes = {
	};
	objectVersion = 46;
	objects = {

/* Begin PBXBuildFile section */
		2F07BE451B594C1400BB99CD /* Stock.swift in Sources */ = {isa = PBXBuildFile; fileRef = 2F07BE441B594C1400BB99CD /* Stock.swift */; };
		2F2FE9E71B5DA9EF00D4BC79 /* ribbon-2.png in Resources */ = {isa = PBXBuildFile; fileRef = 2F2FE9E41B5DA9EF00D4BC79 /* ribbon-2.png */; };
		2F2FE9E81B5DA9EF00D4BC79 /* ribbon-1.png in Resources */ = {isa = PBXBuildFile; fileRef = 2F2FE9E51B5DA9EF00D4BC79 /* ribbon-1.png */; };
		2F3B037C1B549FBD00EB9B93 /* LogInViewController.swift in Sources */ = {isa = PBXBuildFile; fileRef = 2F3B037B1B549FBD00EB9B93 /* LogInViewController.swift */; };
		2F3B037E1B54A28800EB9B93 /* SignUpViewController.swift in Sources */ = {isa = PBXBuildFile; fileRef = 2F3B037D1B54A28800EB9B93 /* SignUpViewController.swift */; };
		2F3B03821B55F2A600EB9B93 /* AppDelegate.swift in Sources */ = {isa = PBXBuildFile; fileRef = 2F3B03811B55F2A600EB9B93 /* AppDelegate.swift */; };
		2F3B03861B5601E100EB9B93 /* Notification.swift in Sources */ = {isa = PBXBuildFile; fileRef = 2F3B03851B5601E100EB9B93 /* Notification.swift */; };
		2F4D4AC61B5C9B16006D36F2 /* SearchViewControllerTests.swift in Sources */ = {isa = PBXBuildFile; fileRef = 2F4D4AC51B5C9B16006D36F2 /* SearchViewControllerTests.swift */; };
		2F4D4AC71B5C9B62006D36F2 /* SearchViewController.swift in Sources */ = {isa = PBXBuildFile; fileRef = AA4AE6D21B52E30E0043AEC3 /* SearchViewController.swift */; };
		2F4D4AC81B5C9D07006D36F2 /* Pick.swift in Sources */ = {isa = PBXBuildFile; fileRef = AABEDC121B52CA9100BDD762 /* Pick.swift */; };
		2F4D4AC91B5C9DAC006D36F2 /* Account.swift in Sources */ = {isa = PBXBuildFile; fileRef = AABEDC0B1B52C1FC00BDD762 /* Account.swift */; };
		2F4D4ACA1B5C9DAF006D36F2 /* Quote.swift in Sources */ = {isa = PBXBuildFile; fileRef = CA8136ED1B4F098A00B869A4 /* Quote.swift */; };
		2F4D4ACB1B5C9DC0006D36F2 /* ParseClient.swift in Sources */ = {isa = PBXBuildFile; fileRef = AABEDC161B52D57300BDD762 /* ParseClient.swift */; };
		2F4D4ACC1B5C9DC3006D36F2 /* FinanceClient.swift in Sources */ = {isa = PBXBuildFile; fileRef = CA8136EB1B4EEF4500B869A4 /* FinanceClient.swift */; };
		2F4D4ACD1B5C9DCF006D36F2 /* UIColor.swift in Sources */ = {isa = PBXBuildFile; fileRef = CA8136E91B4EE74B00B869A4 /* UIColor.swift */; };
		2F4D4ACE1B5C9DEC006D36F2 /* ParseErrorHandler.swift in Sources */ = {isa = PBXBuildFile; fileRef = 2FD6F6631B57FB2A001F1630 /* ParseErrorHandler.swift */; };
		2F4D4ACF1B5C9DFF006D36F2 /* Notification.swift in Sources */ = {isa = PBXBuildFile; fileRef = 2F3B03851B5601E100EB9B93 /* Notification.swift */; };
		2F4D4AD01B5C9E1A006D36F2 /* Stock.swift in Sources */ = {isa = PBXBuildFile; fileRef = 2F07BE441B594C1400BB99CD /* Stock.swift */; };
		2F63C6D61B60CAB700E3E50D /* SettingsViewController.swift in Sources */ = {isa = PBXBuildFile; fileRef = 2F63C6D51B60CAB700E3E50D /* SettingsViewController.swift */; };
		2FBB51FC1B5D80F200077723 /* UIImage.swift in Sources */ = {isa = PBXBuildFile; fileRef = 2FBB51FB1B5D80F200077723 /* UIImage.swift */; };
		2FCB935D1B584925000A9B1F /* StockChart.swift in Sources */ = {isa = PBXBuildFile; fileRef = 2FCB935C1B584925000A9B1F /* StockChart.swift */; };
		2FCB935F1B5849B9000A9B1F /* StockViewController.swift in Sources */ = {isa = PBXBuildFile; fileRef = 2FCB935E1B5849B9000A9B1F /* StockViewController.swift */; };
		2FD6F6641B57FB2A001F1630 /* ParseErrorHandler.swift in Sources */ = {isa = PBXBuildFile; fileRef = 2FD6F6631B57FB2A001F1630 /* ParseErrorHandler.swift */; };
		2FE66F661B5DB04100B7B378 /* ribbon-3.png in Resources */ = {isa = PBXBuildFile; fileRef = 2FE66F651B5DB04100B7B378 /* ribbon-3.png */; };
		2FE66F6A1B5DB31900B7B378 /* trophy-1.png in Resources */ = {isa = PBXBuildFile; fileRef = 2FE66F671B5DB31900B7B378 /* trophy-1.png */; };
		2FE66F6B1B5DB31900B7B378 /* trophy-2.png in Resources */ = {isa = PBXBuildFile; fileRef = 2FE66F681B5DB31900B7B378 /* trophy-2.png */; };
		2FE66F6C1B5DB31900B7B378 /* trophy-3.png in Resources */ = {isa = PBXBuildFile; fileRef = 2FE66F691B5DB31900B7B378 /* trophy-3.png */; };
		2FFCB2F41B60927F00E5289E /* MenuController.swift in Sources */ = {isa = PBXBuildFile; fileRef = 2FFCB2F31B60927F00E5289E /* MenuController.swift */; };
		9F6F88CAE41E8B37EB21EF39 /* libPods-DayTrades.a in Frameworks */ = {isa = PBXBuildFile; fileRef = BE50388C5F2DA07160DBCD45 /* libPods-DayTrades.a */; };
		AA4AE6D31B52E30E0043AEC3 /* SearchViewController.swift in Sources */ = {isa = PBXBuildFile; fileRef = AA4AE6D21B52E30E0043AEC3 /* SearchViewController.swift */; };
		AA4AE6D51B531FBC0043AEC3 /* LeadersViewController.swift in Sources */ = {isa = PBXBuildFile; fileRef = AA4AE6D41B531FBC0043AEC3 /* LeadersViewController.swift */; };
		AA4AE6D71B534DC80043AEC3 /* AccountViewContoller.swift in Sources */ = {isa = PBXBuildFile; fileRef = AA4AE6D61B534DC80043AEC3 /* AccountViewContoller.swift */; };
		AABEDBFB1B51D96B00BDD762 /* NSDateFormatterTests.swift in Sources */ = {isa = PBXBuildFile; fileRef = AABEDBFA1B51D96B00BDD762 /* NSDateFormatterTests.swift */; };
		AABEDBFC1B51DAFC00BDD762 /* NSDateFormatter.swift in Sources */ = {isa = PBXBuildFile; fileRef = CAD9B90D1B506AB900B9CF1D /* NSDateFormatter.swift */; };
		AABEDBFE1B51E11F00BDD762 /* NSNumberFormatterTests.swift in Sources */ = {isa = PBXBuildFile; fileRef = AABEDBFD1B51E11F00BDD762 /* NSNumberFormatterTests.swift */; };
		AABEDBFF1B51E19600BDD762 /* NSNumberFormatter.swift in Sources */ = {isa = PBXBuildFile; fileRef = CADFDD641B50252700E298A8 /* NSNumberFormatter.swift */; };
		AABEDC011B51E8F900BDD762 /* NSCalendar.swift in Sources */ = {isa = PBXBuildFile; fileRef = AABEDC001B51E8F900BDD762 /* NSCalendar.swift */; };
		AABEDC021B51E98B00BDD762 /* NSCalendar.swift in Sources */ = {isa = PBXBuildFile; fileRef = AABEDC001B51E8F900BDD762 /* NSCalendar.swift */; };
		AABEDC041B51E9DB00BDD762 /* NSCalendarTests.swift in Sources */ = {isa = PBXBuildFile; fileRef = AABEDC031B51E9DB00BDD762 /* NSCalendarTests.swift */; };
		AABEDC081B51F81300BDD762 /* SingleBarView.swift in Sources */ = {isa = PBXBuildFile; fileRef = AABEDC071B51F81300BDD762 /* SingleBarView.swift */; };
		AABEDC0A1B523EDD00BDD762 /* DoubleBarView.swift in Sources */ = {isa = PBXBuildFile; fileRef = AABEDC091B523EDD00BDD762 /* DoubleBarView.swift */; };
		AABEDC0C1B52C1FC00BDD762 /* Account.swift in Sources */ = {isa = PBXBuildFile; fileRef = AABEDC0B1B52C1FC00BDD762 /* Account.swift */; };
		AABEDC131B52CA9100BDD762 /* Pick.swift in Sources */ = {isa = PBXBuildFile; fileRef = AABEDC121B52CA9100BDD762 /* Pick.swift */; };
		AABEDC151B52D0C400BDD762 /* DayQuote.swift in Sources */ = {isa = PBXBuildFile; fileRef = AABEDC141B52D0C400BDD762 /* DayQuote.swift */; };
		AABEDC171B52D57300BDD762 /* ParseClient.swift in Sources */ = {isa = PBXBuildFile; fileRef = AABEDC161B52D57300BDD762 /* ParseClient.swift */; };
		AABFC5E21B4ED87B0094AAF1 /* AccountCell.swift in Sources */ = {isa = PBXBuildFile; fileRef = AABFC5E11B4ED87B0094AAF1 /* AccountCell.swift */; };
		CA492B811A606CDB00ED13B3 /* Main.storyboard in Resources */ = {isa = PBXBuildFile; fileRef = CA492B7F1A606CDB00ED13B3 /* Main.storyboard */; };
		CA492B831A606CDB00ED13B3 /* Images.xcassets in Resources */ = {isa = PBXBuildFile; fileRef = CA492B821A606CDB00ED13B3 /* Images.xcassets */; };
		CA492B861A606CDB00ED13B3 /* LaunchScreen.xib in Resources */ = {isa = PBXBuildFile; fileRef = CA492B841A606CDB00ED13B3 /* LaunchScreen.xib */; };
		CA492BA31A606F2600ED13B3 /* AccountCell.xib in Resources */ = {isa = PBXBuildFile; fileRef = CA492BA21A606F2600ED13B3 /* AccountCell.xib */; };
		CA492BC51A607CE100ED13B3 /* PickCell.xib in Resources */ = {isa = PBXBuildFile; fileRef = CA492BC41A607CE100ED13B3 /* PickCell.xib */; };
		CA492BF81A61D39000ED13B3 /* AudioToolbox.framework in Frameworks */ = {isa = PBXBuildFile; fileRef = CA492BED1A61D39000ED13B3 /* AudioToolbox.framework */; };
		CA492BF91A61D39000ED13B3 /* CFNetwork.framework in Frameworks */ = {isa = PBXBuildFile; fileRef = CA492BEE1A61D39000ED13B3 /* CFNetwork.framework */; };
		CA492BFA1A61D39000ED13B3 /* CoreGraphics.framework in Frameworks */ = {isa = PBXBuildFile; fileRef = CA492BEF1A61D39000ED13B3 /* CoreGraphics.framework */; };
		CA492BFB1A61D39000ED13B3 /* CoreLocation.framework in Frameworks */ = {isa = PBXBuildFile; fileRef = CA492BF01A61D39000ED13B3 /* CoreLocation.framework */; };
		CA492BFC1A61D39000ED13B3 /* libSystem.dylib in Frameworks */ = {isa = PBXBuildFile; fileRef = CA492BF11A61D39000ED13B3 /* libSystem.dylib */; };
		CA492BFD1A61D39000ED13B3 /* libz.dylib in Frameworks */ = {isa = PBXBuildFile; fileRef = CA492BF21A61D39000ED13B3 /* libz.dylib */; };
		CA492BFE1A61D39000ED13B3 /* MobileCoreServices.framework in Frameworks */ = {isa = PBXBuildFile; fileRef = CA492BF31A61D39000ED13B3 /* MobileCoreServices.framework */; };
		CA492BFF1A61D39000ED13B3 /* QuartzCore.framework in Frameworks */ = {isa = PBXBuildFile; fileRef = CA492BF41A61D39000ED13B3 /* QuartzCore.framework */; };
		CA492C001A61D39000ED13B3 /* Security.framework in Frameworks */ = {isa = PBXBuildFile; fileRef = CA492BF51A61D39000ED13B3 /* Security.framework */; };
		CA492C011A61D39000ED13B3 /* StoreKit.framework in Frameworks */ = {isa = PBXBuildFile; fileRef = CA492BF61A61D39000ED13B3 /* StoreKit.framework */; };
		CA492C021A61D39000ED13B3 /* SystemConfiguration.framework in Frameworks */ = {isa = PBXBuildFile; fileRef = CA492BF71A61D39000ED13B3 /* SystemConfiguration.framework */; };
		CA492C121A61DDAB00ED13B3 /* Accounts.framework in Frameworks */ = {isa = PBXBuildFile; fileRef = CA492C101A61DDAB00ED13B3 /* Accounts.framework */; };
		CA492C131A61DDAB00ED13B3 /* Social.framework in Frameworks */ = {isa = PBXBuildFile; fileRef = CA492C111A61DDAB00ED13B3 /* Social.framework */; };
		CA492C151A61DE1000ED13B3 /* libsqlite3.dylib in Frameworks */ = {isa = PBXBuildFile; fileRef = CA492C141A61DE1000ED13B3 /* libsqlite3.dylib */; };
		CA8136E81B4EE4B800B869A4 /* PickCell.swift in Sources */ = {isa = PBXBuildFile; fileRef = CA8136E71B4EE4B800B869A4 /* PickCell.swift */; };
		CA8136EA1B4EE74B00B869A4 /* UIColor.swift in Sources */ = {isa = PBXBuildFile; fileRef = CA8136E91B4EE74B00B869A4 /* UIColor.swift */; };
		CA8136EC1B4EEF4500B869A4 /* FinanceClient.swift in Sources */ = {isa = PBXBuildFile; fileRef = CA8136EB1B4EEF4500B869A4 /* FinanceClient.swift */; };
		CA8136EE1B4F098A00B869A4 /* Quote.swift in Sources */ = {isa = PBXBuildFile; fileRef = CA8136ED1B4F098A00B869A4 /* Quote.swift */; };
		CA8136F41B4F2D5400B869A4 /* ChangeFormatter.swift in Sources */ = {isa = PBXBuildFile; fileRef = CA8136F31B4F2D5400B869A4 /* ChangeFormatter.swift */; };
		CA98EF771AA55BCC0058A3EF /* background-login.jpg in Resources */ = {isa = PBXBuildFile; fileRef = CA98EF761AA55BCC0058A3EF /* background-login.jpg */; };
		CA98EF791AA55BD20058A3EF /* background-4.jpg in Resources */ = {isa = PBXBuildFile; fileRef = CA98EF781AA55BD20058A3EF /* background-4.jpg */; };
		CA9908201AA2C45500804200 /* close.png in Resources */ = {isa = PBXBuildFile; fileRef = CA99081F1AA2C45500804200 /* close.png */; };
		CAAB61A11AA40C35002D739B /* background-2.jpg in Resources */ = {isa = PBXBuildFile; fileRef = CAAB61A01AA40C35002D739B /* background-2.jpg */; };
		CAD9B90E1B506AB900B9CF1D /* NSDateFormatter.swift in Sources */ = {isa = PBXBuildFile; fileRef = CAD9B90D1B506AB900B9CF1D /* NSDateFormatter.swift */; };
		CAD9B9121B506E9000B9CF1D /* MarketHelper.swift in Sources */ = {isa = PBXBuildFile; fileRef = CAD9B9111B506E9000B9CF1D /* MarketHelper.swift */; };
		CADFDD651B50252700E298A8 /* NSNumberFormatter.swift in Sources */ = {isa = PBXBuildFile; fileRef = CADFDD641B50252700E298A8 /* NSNumberFormatter.swift */; };
		CAE281301B50849B003790CC /* MarketHelper.swift in Sources */ = {isa = PBXBuildFile; fileRef = CAD9B9111B506E9000B9CF1D /* MarketHelper.swift */; };
		CAE281321B5084C2003790CC /* MarketHelperTests.swift in Sources */ = {isa = PBXBuildFile; fileRef = CAE281311B5084C2003790CC /* MarketHelperTests.swift */; };
		CAF584411AA3E4FA002422DD /* background-1.jpg in Resources */ = {isa = PBXBuildFile; fileRef = CAF584401AA3E4FA002422DD /* background-1.jpg */; };
		CAF584471AA3EB47002422DD /* background-3.jpg in Resources */ = {isa = PBXBuildFile; fileRef = CAF584461AA3EB47002422DD /* background-3.jpg */; };
		D3E6E8165B2F75DAF011AF0F /* libPods-DayTradesTests.a in Frameworks */ = {isa = PBXBuildFile; fileRef = 6CF787D3AE6FBBF83CBF8C2E /* libPods-DayTradesTests.a */; };
/* End PBXBuildFile section */

/* Begin PBXContainerItemProxy section */
		CA492B8C1A606CDB00ED13B3 /* PBXContainerItemProxy */ = {
			isa = PBXContainerItemProxy;
			containerPortal = CA492B6A1A606CDB00ED13B3 /* Project object */;
			proxyType = 1;
			remoteGlobalIDString = CA492B711A606CDB00ED13B3;
			remoteInfo = DayTrades;
		};
/* End PBXContainerItemProxy section */

/* Begin PBXFileReference section */
		288957F0CE5B4976A0116D29 /* Pods-DayTradesTests.release.xcconfig */ = {isa = PBXFileReference; includeInIndex = 1; lastKnownFileType = text.xcconfig; name = "Pods-DayTradesTests.release.xcconfig"; path = "Pods/Target Support Files/Pods-DayTradesTests/Pods-DayTradesTests.release.xcconfig"; sourceTree = "<group>"; };
		2F07BE441B594C1400BB99CD /* Stock.swift */ = {isa = PBXFileReference; fileEncoding = 4; lastKnownFileType = sourcecode.swift; path = Stock.swift; sourceTree = "<group>"; };
		2F2FE9E41B5DA9EF00D4BC79 /* ribbon-2.png */ = {isa = PBXFileReference; lastKnownFileType = image.png; path = "ribbon-2.png"; sourceTree = "<group>"; };
		2F2FE9E51B5DA9EF00D4BC79 /* ribbon-1.png */ = {isa = PBXFileReference; lastKnownFileType = image.png; path = "ribbon-1.png"; sourceTree = "<group>"; };
		2F3B037B1B549FBD00EB9B93 /* LogInViewController.swift */ = {isa = PBXFileReference; fileEncoding = 4; lastKnownFileType = sourcecode.swift; path = LogInViewController.swift; sourceTree = "<group>"; };
		2F3B037D1B54A28800EB9B93 /* SignUpViewController.swift */ = {isa = PBXFileReference; fileEncoding = 4; lastKnownFileType = sourcecode.swift; path = SignUpViewController.swift; sourceTree = "<group>"; };
		2F3B03811B55F2A600EB9B93 /* AppDelegate.swift */ = {isa = PBXFileReference; fileEncoding = 4; lastKnownFileType = sourcecode.swift; path = AppDelegate.swift; sourceTree = "<group>"; };
		2F3B03851B5601E100EB9B93 /* Notification.swift */ = {isa = PBXFileReference; fileEncoding = 4; lastKnownFileType = sourcecode.swift; path = Notification.swift; sourceTree = "<group>"; };
		2F4D4AC51B5C9B16006D36F2 /* SearchViewControllerTests.swift */ = {isa = PBXFileReference; fileEncoding = 4; lastKnownFileType = sourcecode.swift; path = SearchViewControllerTests.swift; sourceTree = "<group>"; };
		2F63C6D51B60CAB700E3E50D /* SettingsViewController.swift */ = {isa = PBXFileReference; fileEncoding = 4; lastKnownFileType = sourcecode.swift; path = SettingsViewController.swift; sourceTree = "<group>"; };
		2FBB51FB1B5D80F200077723 /* UIImage.swift */ = {isa = PBXFileReference; fileEncoding = 4; lastKnownFileType = sourcecode.swift; path = UIImage.swift; sourceTree = "<group>"; };
		2FCB935C1B584925000A9B1F /* StockChart.swift */ = {isa = PBXFileReference; fileEncoding = 4; lastKnownFileType = sourcecode.swift; path = StockChart.swift; sourceTree = "<group>"; };
		2FCB935E1B5849B9000A9B1F /* StockViewController.swift */ = {isa = PBXFileReference; fileEncoding = 4; lastKnownFileType = sourcecode.swift; path = StockViewController.swift; sourceTree = "<group>"; };
		2FD6F6631B57FB2A001F1630 /* ParseErrorHandler.swift */ = {isa = PBXFileReference; fileEncoding = 4; lastKnownFileType = sourcecode.swift; path = ParseErrorHandler.swift; sourceTree = "<group>"; };
		2FE66F651B5DB04100B7B378 /* ribbon-3.png */ = {isa = PBXFileReference; lastKnownFileType = image.png; path = "ribbon-3.png"; sourceTree = "<group>"; };
		2FE66F671B5DB31900B7B378 /* trophy-1.png */ = {isa = PBXFileReference; lastKnownFileType = image.png; path = "trophy-1.png"; sourceTree = "<group>"; };
		2FE66F681B5DB31900B7B378 /* trophy-2.png */ = {isa = PBXFileReference; lastKnownFileType = image.png; path = "trophy-2.png"; sourceTree = "<group>"; };
		2FE66F691B5DB31900B7B378 /* trophy-3.png */ = {isa = PBXFileReference; lastKnownFileType = image.png; path = "trophy-3.png"; sourceTree = "<group>"; };
		2FFCB2F31B60927F00E5289E /* MenuController.swift */ = {isa = PBXFileReference; fileEncoding = 4; lastKnownFileType = sourcecode.swift; path = MenuController.swift; sourceTree = "<group>"; };
		6CF787D3AE6FBBF83CBF8C2E /* libPods-DayTradesTests.a */ = {isa = PBXFileReference; explicitFileType = archive.ar; includeInIndex = 0; path = "libPods-DayTradesTests.a"; sourceTree = BUILT_PRODUCTS_DIR; };
		7B20A3833F833D5DA20B5A8B /* Pods-DayTrades.debug.xcconfig */ = {isa = PBXFileReference; includeInIndex = 1; lastKnownFileType = text.xcconfig; name = "Pods-DayTrades.debug.xcconfig"; path = "Pods/Target Support Files/Pods-DayTrades/Pods-DayTrades.debug.xcconfig"; sourceTree = "<group>"; };
		9B30135AC6826120BCAECC34 /* Pods-DayTradesTests.debug.xcconfig */ = {isa = PBXFileReference; includeInIndex = 1; lastKnownFileType = text.xcconfig; name = "Pods-DayTradesTests.debug.xcconfig"; path = "Pods/Target Support Files/Pods-DayTradesTests/Pods-DayTradesTests.debug.xcconfig"; sourceTree = "<group>"; };
		AA4AE6D21B52E30E0043AEC3 /* SearchViewController.swift */ = {isa = PBXFileReference; fileEncoding = 4; lastKnownFileType = sourcecode.swift; path = SearchViewController.swift; sourceTree = "<group>"; };
		AA4AE6D41B531FBC0043AEC3 /* LeadersViewController.swift */ = {isa = PBXFileReference; fileEncoding = 4; lastKnownFileType = sourcecode.swift; path = LeadersViewController.swift; sourceTree = "<group>"; };
		AA4AE6D61B534DC80043AEC3 /* AccountViewContoller.swift */ = {isa = PBXFileReference; fileEncoding = 4; lastKnownFileType = sourcecode.swift; path = AccountViewContoller.swift; sourceTree = "<group>"; };
		AABEDBFA1B51D96B00BDD762 /* NSDateFormatterTests.swift */ = {isa = PBXFileReference; fileEncoding = 4; lastKnownFileType = sourcecode.swift; path = NSDateFormatterTests.swift; sourceTree = "<group>"; };
		AABEDBFD1B51E11F00BDD762 /* NSNumberFormatterTests.swift */ = {isa = PBXFileReference; fileEncoding = 4; lastKnownFileType = sourcecode.swift; path = NSNumberFormatterTests.swift; sourceTree = "<group>"; };
		AABEDC001B51E8F900BDD762 /* NSCalendar.swift */ = {isa = PBXFileReference; fileEncoding = 4; lastKnownFileType = sourcecode.swift; path = NSCalendar.swift; sourceTree = "<group>"; };
		AABEDC031B51E9DB00BDD762 /* NSCalendarTests.swift */ = {isa = PBXFileReference; fileEncoding = 4; lastKnownFileType = sourcecode.swift; path = NSCalendarTests.swift; sourceTree = "<group>"; };
		AABEDC071B51F81300BDD762 /* SingleBarView.swift */ = {isa = PBXFileReference; fileEncoding = 4; lastKnownFileType = sourcecode.swift; path = SingleBarView.swift; sourceTree = "<group>"; };
		AABEDC091B523EDD00BDD762 /* DoubleBarView.swift */ = {isa = PBXFileReference; fileEncoding = 4; lastKnownFileType = sourcecode.swift; path = DoubleBarView.swift; sourceTree = "<group>"; };
		AABEDC0B1B52C1FC00BDD762 /* Account.swift */ = {isa = PBXFileReference; fileEncoding = 4; lastKnownFileType = sourcecode.swift; path = Account.swift; sourceTree = "<group>"; };
		AABEDC111B52C8FB00BDD762 /* DayTrades-Bridging-Header.h */ = {isa = PBXFileReference; fileEncoding = 4; lastKnownFileType = sourcecode.c.h; path = "DayTrades-Bridging-Header.h"; sourceTree = "<group>"; };
		AABEDC121B52CA9100BDD762 /* Pick.swift */ = {isa = PBXFileReference; fileEncoding = 4; lastKnownFileType = sourcecode.swift; path = Pick.swift; sourceTree = "<group>"; };
		AABEDC141B52D0C400BDD762 /* DayQuote.swift */ = {isa = PBXFileReference; fileEncoding = 4; lastKnownFileType = sourcecode.swift; path = DayQuote.swift; sourceTree = "<group>"; };
		AABEDC161B52D57300BDD762 /* ParseClient.swift */ = {isa = PBXFileReference; fileEncoding = 4; lastKnownFileType = sourcecode.swift; path = ParseClient.swift; sourceTree = "<group>"; };
		AABFC5E11B4ED87B0094AAF1 /* AccountCell.swift */ = {isa = PBXFileReference; fileEncoding = 4; lastKnownFileType = sourcecode.swift; path = AccountCell.swift; sourceTree = "<group>"; };
		BE50388C5F2DA07160DBCD45 /* libPods-DayTrades.a */ = {isa = PBXFileReference; explicitFileType = archive.ar; includeInIndex = 0; path = "libPods-DayTrades.a"; sourceTree = BUILT_PRODUCTS_DIR; };
		CA492B721A606CDB00ED13B3 /* DayTrades.app */ = {isa = PBXFileReference; explicitFileType = wrapper.application; includeInIndex = 0; path = DayTrades.app; sourceTree = BUILT_PRODUCTS_DIR; };
		CA492B761A606CDB00ED13B3 /* Info.plist */ = {isa = PBXFileReference; lastKnownFileType = text.plist.xml; path = Info.plist; sourceTree = "<group>"; };
		CA492B801A606CDB00ED13B3 /* Base */ = {isa = PBXFileReference; lastKnownFileType = file.storyboard; name = Base; path = Base.lproj/Main.storyboard; sourceTree = "<group>"; };
		CA492B821A606CDB00ED13B3 /* Images.xcassets */ = {isa = PBXFileReference; lastKnownFileType = folder.assetcatalog; path = Images.xcassets; sourceTree = "<group>"; };
		CA492B851A606CDB00ED13B3 /* Base */ = {isa = PBXFileReference; lastKnownFileType = file.xib; name = Base; path = Base.lproj/LaunchScreen.xib; sourceTree = "<group>"; };
		CA492B8B1A606CDB00ED13B3 /* DayTradesTests.xctest */ = {isa = PBXFileReference; explicitFileType = wrapper.cfbundle; includeInIndex = 0; path = DayTradesTests.xctest; sourceTree = BUILT_PRODUCTS_DIR; };
		CA492B901A606CDB00ED13B3 /* Info.plist */ = {isa = PBXFileReference; lastKnownFileType = text.plist.xml; path = Info.plist; sourceTree = "<group>"; };
		CA492BA21A606F2600ED13B3 /* AccountCell.xib */ = {isa = PBXFileReference; fileEncoding = 4; lastKnownFileType = file.xib; path = AccountCell.xib; sourceTree = "<group>"; };
		CA492BC41A607CE100ED13B3 /* PickCell.xib */ = {isa = PBXFileReference; fileEncoding = 4; lastKnownFileType = file.xib; path = PickCell.xib; sourceTree = "<group>"; };
		CA492BE91A61D2F700ED13B3 /* Parse.framework */ = {isa = PBXFileReference; lastKnownFileType = wrapper.framework; path = Parse.framework; sourceTree = "<group>"; };
		CA492BEB1A61D30500ED13B3 /* Bolts.framework */ = {isa = PBXFileReference; lastKnownFileType = wrapper.framework; path = Bolts.framework; sourceTree = "<group>"; };
		CA492BED1A61D39000ED13B3 /* AudioToolbox.framework */ = {isa = PBXFileReference; lastKnownFileType = wrapper.framework; name = AudioToolbox.framework; path = System/Library/Frameworks/AudioToolbox.framework; sourceTree = SDKROOT; };
		CA492BEE1A61D39000ED13B3 /* CFNetwork.framework */ = {isa = PBXFileReference; lastKnownFileType = wrapper.framework; name = CFNetwork.framework; path = System/Library/Frameworks/CFNetwork.framework; sourceTree = SDKROOT; };
		CA492BEF1A61D39000ED13B3 /* CoreGraphics.framework */ = {isa = PBXFileReference; lastKnownFileType = wrapper.framework; name = CoreGraphics.framework; path = System/Library/Frameworks/CoreGraphics.framework; sourceTree = SDKROOT; };
		CA492BF01A61D39000ED13B3 /* CoreLocation.framework */ = {isa = PBXFileReference; lastKnownFileType = wrapper.framework; name = CoreLocation.framework; path = System/Library/Frameworks/CoreLocation.framework; sourceTree = SDKROOT; };
		CA492BF11A61D39000ED13B3 /* libSystem.dylib */ = {isa = PBXFileReference; lastKnownFileType = "compiled.mach-o.dylib"; name = libSystem.dylib; path = usr/lib/libSystem.dylib; sourceTree = SDKROOT; };
		CA492BF21A61D39000ED13B3 /* libz.dylib */ = {isa = PBXFileReference; lastKnownFileType = "compiled.mach-o.dylib"; name = libz.dylib; path = usr/lib/libz.dylib; sourceTree = SDKROOT; };
		CA492BF31A61D39000ED13B3 /* MobileCoreServices.framework */ = {isa = PBXFileReference; lastKnownFileType = wrapper.framework; name = MobileCoreServices.framework; path = System/Library/Frameworks/MobileCoreServices.framework; sourceTree = SDKROOT; };
		CA492BF41A61D39000ED13B3 /* QuartzCore.framework */ = {isa = PBXFileReference; lastKnownFileType = wrapper.framework; name = QuartzCore.framework; path = System/Library/Frameworks/QuartzCore.framework; sourceTree = SDKROOT; };
		CA492BF51A61D39000ED13B3 /* Security.framework */ = {isa = PBXFileReference; lastKnownFileType = wrapper.framework; name = Security.framework; path = System/Library/Frameworks/Security.framework; sourceTree = SDKROOT; };
		CA492BF61A61D39000ED13B3 /* StoreKit.framework */ = {isa = PBXFileReference; lastKnownFileType = wrapper.framework; name = StoreKit.framework; path = System/Library/Frameworks/StoreKit.framework; sourceTree = SDKROOT; };
		CA492BF71A61D39000ED13B3 /* SystemConfiguration.framework */ = {isa = PBXFileReference; lastKnownFileType = wrapper.framework; name = SystemConfiguration.framework; path = System/Library/Frameworks/SystemConfiguration.framework; sourceTree = SDKROOT; };
		CA492C0C1A61DB3C00ED13B3 /* ParseUI.framework */ = {isa = PBXFileReference; lastKnownFileType = wrapper.framework; path = ParseUI.framework; sourceTree = "<group>"; };
		CA492C101A61DDAB00ED13B3 /* Accounts.framework */ = {isa = PBXFileReference; lastKnownFileType = wrapper.framework; name = Accounts.framework; path = System/Library/Frameworks/Accounts.framework; sourceTree = SDKROOT; };
		CA492C111A61DDAB00ED13B3 /* Social.framework */ = {isa = PBXFileReference; lastKnownFileType = wrapper.framework; name = Social.framework; path = System/Library/Frameworks/Social.framework; sourceTree = SDKROOT; };
		CA492C141A61DE1000ED13B3 /* libsqlite3.dylib */ = {isa = PBXFileReference; lastKnownFileType = "compiled.mach-o.dylib"; name = libsqlite3.dylib; path = usr/lib/libsqlite3.dylib; sourceTree = SDKROOT; };
		CA8136E71B4EE4B800B869A4 /* PickCell.swift */ = {isa = PBXFileReference; fileEncoding = 4; lastKnownFileType = sourcecode.swift; path = PickCell.swift; sourceTree = "<group>"; };
		CA8136E91B4EE74B00B869A4 /* UIColor.swift */ = {isa = PBXFileReference; fileEncoding = 4; lastKnownFileType = sourcecode.swift; path = UIColor.swift; sourceTree = "<group>"; };
		CA8136EB1B4EEF4500B869A4 /* FinanceClient.swift */ = {isa = PBXFileReference; fileEncoding = 4; lastKnownFileType = sourcecode.swift; path = FinanceClient.swift; sourceTree = "<group>"; };
		CA8136ED1B4F098A00B869A4 /* Quote.swift */ = {isa = PBXFileReference; fileEncoding = 4; lastKnownFileType = sourcecode.swift; path = Quote.swift; sourceTree = "<group>"; };
		CA8136F31B4F2D5400B869A4 /* ChangeFormatter.swift */ = {isa = PBXFileReference; fileEncoding = 4; lastKnownFileType = sourcecode.swift; path = ChangeFormatter.swift; sourceTree = "<group>"; };
		CA98EF761AA55BCC0058A3EF /* background-login.jpg */ = {isa = PBXFileReference; lastKnownFileType = image.jpeg; path = "background-login.jpg"; sourceTree = "<group>"; };
		CA98EF781AA55BD20058A3EF /* background-4.jpg */ = {isa = PBXFileReference; lastKnownFileType = image.jpeg; path = "background-4.jpg"; sourceTree = "<group>"; };
		CA99081F1AA2C45500804200 /* close.png */ = {isa = PBXFileReference; lastKnownFileType = image.png; path = close.png; sourceTree = "<group>"; };
		CAAB61A01AA40C35002D739B /* background-2.jpg */ = {isa = PBXFileReference; lastKnownFileType = image.jpeg; path = "background-2.jpg"; sourceTree = "<group>"; };
		CAD9B90D1B506AB900B9CF1D /* NSDateFormatter.swift */ = {isa = PBXFileReference; fileEncoding = 4; lastKnownFileType = sourcecode.swift; path = NSDateFormatter.swift; sourceTree = "<group>"; };
		CAD9B9111B506E9000B9CF1D /* MarketHelper.swift */ = {isa = PBXFileReference; fileEncoding = 4; lastKnownFileType = sourcecode.swift; path = MarketHelper.swift; sourceTree = "<group>"; };
		CADFDD641B50252700E298A8 /* NSNumberFormatter.swift */ = {isa = PBXFileReference; fileEncoding = 4; lastKnownFileType = sourcecode.swift; path = NSNumberFormatter.swift; sourceTree = "<group>"; };
		CAE281311B5084C2003790CC /* MarketHelperTests.swift */ = {isa = PBXFileReference; fileEncoding = 4; lastKnownFileType = sourcecode.swift; path = MarketHelperTests.swift; sourceTree = "<group>"; };
		CAE281331B508691003790CC /* DayTradesTests-Bridging-Header.h */ = {isa = PBXFileReference; lastKnownFileType = sourcecode.c.h; path = "DayTradesTests-Bridging-Header.h"; sourceTree = "<group>"; };
		CAF584401AA3E4FA002422DD /* background-1.jpg */ = {isa = PBXFileReference; lastKnownFileType = image.jpeg; path = "background-1.jpg"; sourceTree = "<group>"; };
		CAF584461AA3EB47002422DD /* background-3.jpg */ = {isa = PBXFileReference; lastKnownFileType = image.jpeg; path = "background-3.jpg"; sourceTree = "<group>"; };
		F11C4197EF82A525DD1494EB /* Pods-DayTrades.release.xcconfig */ = {isa = PBXFileReference; includeInIndex = 1; lastKnownFileType = text.xcconfig; name = "Pods-DayTrades.release.xcconfig"; path = "Pods/Target Support Files/Pods-DayTrades/Pods-DayTrades.release.xcconfig"; sourceTree = "<group>"; };
/* End PBXFileReference section */

/* Begin PBXFrameworksBuildPhase section */
		CA492B6F1A606CDB00ED13B3 /* Frameworks */ = {
			isa = PBXFrameworksBuildPhase;
			buildActionMask = 2147483647;
			files = (
				CA492BFD1A61D39000ED13B3 /* libz.dylib in Frameworks */,
				CA492BFC1A61D39000ED13B3 /* libSystem.dylib in Frameworks */,
				CA492C151A61DE1000ED13B3 /* libsqlite3.dylib in Frameworks */,
				CA492C121A61DDAB00ED13B3 /* Accounts.framework in Frameworks */,
				CA492C131A61DDAB00ED13B3 /* Social.framework in Frameworks */,
				CA492BF81A61D39000ED13B3 /* AudioToolbox.framework in Frameworks */,
				CA492BF91A61D39000ED13B3 /* CFNetwork.framework in Frameworks */,
				CA492BFA1A61D39000ED13B3 /* CoreGraphics.framework in Frameworks */,
				CA492BFB1A61D39000ED13B3 /* CoreLocation.framework in Frameworks */,
				CA492BFE1A61D39000ED13B3 /* MobileCoreServices.framework in Frameworks */,
				CA492BFF1A61D39000ED13B3 /* QuartzCore.framework in Frameworks */,
				CA492C001A61D39000ED13B3 /* Security.framework in Frameworks */,
				CA492C011A61D39000ED13B3 /* StoreKit.framework in Frameworks */,
				CA492C021A61D39000ED13B3 /* SystemConfiguration.framework in Frameworks */,
				9F6F88CAE41E8B37EB21EF39 /* libPods-DayTrades.a in Frameworks */,
			);
			runOnlyForDeploymentPostprocessing = 0;
		};
		CA492B881A606CDB00ED13B3 /* Frameworks */ = {
			isa = PBXFrameworksBuildPhase;
			buildActionMask = 2147483647;
			files = (
				D3E6E8165B2F75DAF011AF0F /* libPods-DayTradesTests.a in Frameworks */,
			);
			runOnlyForDeploymentPostprocessing = 0;
		};
/* End PBXFrameworksBuildPhase section */

/* Begin PBXGroup section */
		2FCB93591B584735000A9B1F /* Charts */ = {
			isa = PBXGroup;
			children = (
				2FCB935C1B584925000A9B1F /* StockChart.swift */,
			);
			name = Charts;
			sourceTree = "<group>";
		};
		59F02336F8B1912D0948963B /* Pods */ = {
			isa = PBXGroup;
			children = (
				7B20A3833F833D5DA20B5A8B /* Pods-DayTrades.debug.xcconfig */,
				F11C4197EF82A525DD1494EB /* Pods-DayTrades.release.xcconfig */,
				9B30135AC6826120BCAECC34 /* Pods-DayTradesTests.debug.xcconfig */,
				288957F0CE5B4976A0116D29 /* Pods-DayTradesTests.release.xcconfig */,
			);
			name = Pods;
			sourceTree = "<group>";
		};
		CA492B691A606CDB00ED13B3 = {
			isa = PBXGroup;
			children = (
				CA492B741A606CDB00ED13B3 /* DayTrades */,
				CA492B8E1A606CDB00ED13B3 /* DayTradesTests */,
				CA492BE81A61D2BC00ED13B3 /* Frameworks */,
				CA492B731A606CDB00ED13B3 /* Products */,
				59F02336F8B1912D0948963B /* Pods */,
			);
			sourceTree = "<group>";
		};
		CA492B731A606CDB00ED13B3 /* Products */ = {
			isa = PBXGroup;
			children = (
				CA492B721A606CDB00ED13B3 /* DayTrades.app */,
				CA492B8B1A606CDB00ED13B3 /* DayTradesTests.xctest */,
			);
			name = Products;
			sourceTree = "<group>";
		};
		CA492B741A606CDB00ED13B3 /* DayTrades */ = {
			isa = PBXGroup;
			children = (
				CA492BD11A60884200ED13B3 /* Clients */,
				CA492BA41A606F6500ED13B3 /* Models */,
				CA492BA11A606F0000ED13B3 /* Views */,
				2FCB93591B584735000A9B1F /* Charts */,
				CA492B9B1A606DA800ED13B3 /* Controllers */,
				CA685CA41A89902500727CE1 /* Helpers */,
				CADFDD661B502A9400E298A8 /* Extensions */,
				AABEDC111B52C8FB00BDD762 /* DayTrades-Bridging-Header.h */,
				2F3B03811B55F2A600EB9B93 /* AppDelegate.swift */,
				2F3B03851B5601E100EB9B93 /* Notification.swift */,
				CA492B7F1A606CDB00ED13B3 /* Main.storyboard */,
				CA492B841A606CDB00ED13B3 /* LaunchScreen.xib */,
				CA492B821A606CDB00ED13B3 /* Images.xcassets */,
				CAD061FA1AA136DC0000C613 /* Images */,
				CA492B751A606CDB00ED13B3 /* Supporting Files */,
			);
			path = DayTrades;
			sourceTree = "<group>";
		};
		CA492B751A606CDB00ED13B3 /* Supporting Files */ = {
			isa = PBXGroup;
			children = (
				CA492B761A606CDB00ED13B3 /* Info.plist */,
			);
			name = "Supporting Files";
			sourceTree = "<group>";
		};
		CA492B8E1A606CDB00ED13B3 /* DayTradesTests */ = {
			isa = PBXGroup;
			children = (
				CAE281331B508691003790CC /* DayTradesTests-Bridging-Header.h */,
				2F4D4AC51B5C9B16006D36F2 /* SearchViewControllerTests.swift */,
				CAE281311B5084C2003790CC /* MarketHelperTests.swift */,
				AABEDC031B51E9DB00BDD762 /* NSCalendarTests.swift */,
				AABEDBFA1B51D96B00BDD762 /* NSDateFormatterTests.swift */,
				AABEDBFD1B51E11F00BDD762 /* NSNumberFormatterTests.swift */,
				CA492B8F1A606CDB00ED13B3 /* Supporting Files */,
			);
			path = DayTradesTests;
			sourceTree = "<group>";
		};
		CA492B8F1A606CDB00ED13B3 /* Supporting Files */ = {
			isa = PBXGroup;
			children = (
				CA492B901A606CDB00ED13B3 /* Info.plist */,
			);
			name = "Supporting Files";
			sourceTree = "<group>";
		};
		CA492B9B1A606DA800ED13B3 /* Controllers */ = {
			isa = PBXGroup;
			children = (
				2FFCB2F31B60927F00E5289E /* MenuController.swift */,
				AA4AE6D61B534DC80043AEC3 /* AccountViewContoller.swift */,
				AA4AE6D21B52E30E0043AEC3 /* SearchViewController.swift */,
				2FCB935E1B5849B9000A9B1F /* StockViewController.swift */,
				AA4AE6D41B531FBC0043AEC3 /* LeadersViewController.swift */,
				2F63C6D51B60CAB700E3E50D /* SettingsViewController.swift */,
				2F3B037B1B549FBD00EB9B93 /* LogInViewController.swift */,
				2F3B037D1B54A28800EB9B93 /* SignUpViewController.swift */,
			);
			name = Controllers;
			sourceTree = "<group>";
		};
		CA492BA11A606F0000ED13B3 /* Views */ = {
			isa = PBXGroup;
			children = (
				CA492BA21A606F2600ED13B3 /* AccountCell.xib */,
				AABFC5E11B4ED87B0094AAF1 /* AccountCell.swift */,
				CA492BC41A607CE100ED13B3 /* PickCell.xib */,
				CA8136E71B4EE4B800B869A4 /* PickCell.swift */,
				AABEDC071B51F81300BDD762 /* SingleBarView.swift */,
				AABEDC091B523EDD00BDD762 /* DoubleBarView.swift */,
			);
			name = Views;
			sourceTree = "<group>";
		};
		CA492BA41A606F6500ED13B3 /* Models */ = {
			isa = PBXGroup;
			children = (
				AABEDC0B1B52C1FC00BDD762 /* Account.swift */,
				AABEDC121B52CA9100BDD762 /* Pick.swift */,
				2F07BE441B594C1400BB99CD /* Stock.swift */,
				CA8136ED1B4F098A00B869A4 /* Quote.swift */,
				AABEDC141B52D0C400BDD762 /* DayQuote.swift */,
			);
			name = Models;
			sourceTree = "<group>";
		};
		CA492BD11A60884200ED13B3 /* Clients */ = {
			isa = PBXGroup;
			children = (
				CA8136EB1B4EEF4500B869A4 /* FinanceClient.swift */,
				AABEDC161B52D57300BDD762 /* ParseClient.swift */,
			);
			name = Clients;
			sourceTree = "<group>";
		};
		CA492BE81A61D2BC00ED13B3 /* Frameworks */ = {
			isa = PBXGroup;
			children = (
				CA492C141A61DE1000ED13B3 /* libsqlite3.dylib */,
				CA492C101A61DDAB00ED13B3 /* Accounts.framework */,
				CA492C111A61DDAB00ED13B3 /* Social.framework */,
				CA492BED1A61D39000ED13B3 /* AudioToolbox.framework */,
				CA492BEE1A61D39000ED13B3 /* CFNetwork.framework */,
				CA492BEF1A61D39000ED13B3 /* CoreGraphics.framework */,
				CA492BF01A61D39000ED13B3 /* CoreLocation.framework */,
				CA492BF11A61D39000ED13B3 /* libSystem.dylib */,
				CA492BF21A61D39000ED13B3 /* libz.dylib */,
				CA492BF31A61D39000ED13B3 /* MobileCoreServices.framework */,
				CA492BF41A61D39000ED13B3 /* QuartzCore.framework */,
				CA492BF51A61D39000ED13B3 /* Security.framework */,
				CA492BF61A61D39000ED13B3 /* StoreKit.framework */,
				CA492BF71A61D39000ED13B3 /* SystemConfiguration.framework */,
				CA492BE91A61D2F700ED13B3 /* Parse.framework */,
				CA492C0C1A61DB3C00ED13B3 /* ParseUI.framework */,
				CA492BEB1A61D30500ED13B3 /* Bolts.framework */,
				BE50388C5F2DA07160DBCD45 /* libPods-DayTrades.a */,
				6CF787D3AE6FBBF83CBF8C2E /* libPods-DayTradesTests.a */,
			);
			name = Frameworks;
			sourceTree = "<group>";
		};
		CA685CA41A89902500727CE1 /* Helpers */ = {
			isa = PBXGroup;
			children = (
				CAD9B9111B506E9000B9CF1D /* MarketHelper.swift */,
				CA8136F31B4F2D5400B869A4 /* ChangeFormatter.swift */,
				2FD6F6631B57FB2A001F1630 /* ParseErrorHandler.swift */,
			);
			name = Helpers;
			sourceTree = "<group>";
		};
		CAD061FA1AA136DC0000C613 /* Images */ = {
			isa = PBXGroup;
			children = (
				2FE66F671B5DB31900B7B378 /* trophy-1.png */,
				2FE66F681B5DB31900B7B378 /* trophy-2.png */,
				2FE66F691B5DB31900B7B378 /* trophy-3.png */,
				2F2FE9E51B5DA9EF00D4BC79 /* ribbon-1.png */,
				2F2FE9E41B5DA9EF00D4BC79 /* ribbon-2.png */,
				2FE66F651B5DB04100B7B378 /* ribbon-3.png */,
				CA98EF761AA55BCC0058A3EF /* background-login.jpg */,
				CAF584401AA3E4FA002422DD /* background-1.jpg */,
				CAAB61A01AA40C35002D739B /* background-2.jpg */,
				CAF584461AA3EB47002422DD /* background-3.jpg */,
				CA98EF781AA55BD20058A3EF /* background-4.jpg */,
				CA99081F1AA2C45500804200 /* close.png */,
			);
			name = Images;
			sourceTree = "<group>";
		};
		CADFDD661B502A9400E298A8 /* Extensions */ = {
			isa = PBXGroup;
			children = (
				CA8136E91B4EE74B00B869A4 /* UIColor.swift */,
				2FBB51FB1B5D80F200077723 /* UIImage.swift */,
				AABEDC001B51E8F900BDD762 /* NSCalendar.swift */,
				CAD9B90D1B506AB900B9CF1D /* NSDateFormatter.swift */,
				CADFDD641B50252700E298A8 /* NSNumberFormatter.swift */,
			);
			name = Extensions;
			sourceTree = "<group>";
		};
/* End PBXGroup section */

/* Begin PBXNativeTarget section */
		CA492B711A606CDB00ED13B3 /* DayTrades */ = {
			isa = PBXNativeTarget;
			buildConfigurationList = CA492B951A606CDB00ED13B3 /* Build configuration list for PBXNativeTarget "DayTrades" */;
			buildPhases = (
				DF73B9DA4F1FF493ACAB7805 /* Check Pods Manifest.lock */,
				CA492B6E1A606CDB00ED13B3 /* Sources */,
				CA492B6F1A606CDB00ED13B3 /* Frameworks */,
				CA492B701A606CDB00ED13B3 /* Resources */,
				68E1B7A0826C09FAECC5BB27 /* Copy Pods Resources */,
			);
			buildRules = (
			);
			dependencies = (
			);
			name = DayTrades;
			productName = DayTrades;
			productReference = CA492B721A606CDB00ED13B3 /* DayTrades.app */;
			productType = "com.apple.product-type.application";
		};
		CA492B8A1A606CDB00ED13B3 /* DayTradesTests */ = {
			isa = PBXNativeTarget;
			buildConfigurationList = CA492B981A606CDB00ED13B3 /* Build configuration list for PBXNativeTarget "DayTradesTests" */;
			buildPhases = (
				2B0F35B6A49464327676EF28 /* Check Pods Manifest.lock */,
				CA492B871A606CDB00ED13B3 /* Sources */,
				CA492B881A606CDB00ED13B3 /* Frameworks */,
				CA492B891A606CDB00ED13B3 /* Resources */,
				B756C176DE67C9F4036305D1 /* Copy Pods Resources */,
			);
			buildRules = (
			);
			dependencies = (
				CA492B8D1A606CDB00ED13B3 /* PBXTargetDependency */,
			);
			name = DayTradesTests;
			productName = DayTradesTests;
			productReference = CA492B8B1A606CDB00ED13B3 /* DayTradesTests.xctest */;
			productType = "com.apple.product-type.bundle.unit-test";
		};
/* End PBXNativeTarget section */

/* Begin PBXProject section */
		CA492B6A1A606CDB00ED13B3 /* Project object */ = {
			isa = PBXProject;
			attributes = {
				LastUpgradeCheck = 0600;
				ORGANIZATIONNAME = "Jason Wells";
				TargetAttributes = {
					CA492B711A606CDB00ED13B3 = {
						CreatedOnToolsVersion = 6.0;
						DevelopmentTeam = GJFUBE24G2;
					};
					CA492B8A1A606CDB00ED13B3 = {
						CreatedOnToolsVersion = 6.0;
						TestTargetID = CA492B711A606CDB00ED13B3;
					};
				};
			};
			buildConfigurationList = CA492B6D1A606CDB00ED13B3 /* Build configuration list for PBXProject "DayTrades" */;
			compatibilityVersion = "Xcode 3.2";
			developmentRegion = English;
			hasScannedForEncodings = 0;
			knownRegions = (
				en,
				Base,
			);
			mainGroup = CA492B691A606CDB00ED13B3;
			productRefGroup = CA492B731A606CDB00ED13B3 /* Products */;
			projectDirPath = "";
			projectRoot = "";
			targets = (
				CA492B711A606CDB00ED13B3 /* DayTrades */,
				CA492B8A1A606CDB00ED13B3 /* DayTradesTests */,
			);
		};
/* End PBXProject section */

/* Begin PBXResourcesBuildPhase section */
		CA492B701A606CDB00ED13B3 /* Resources */ = {
			isa = PBXResourcesBuildPhase;
			buildActionMask = 2147483647;
			files = (
				CA98EF771AA55BCC0058A3EF /* background-login.jpg in Resources */,
				CA492B811A606CDB00ED13B3 /* Main.storyboard in Resources */,
				2FE66F6B1B5DB31900B7B378 /* trophy-2.png in Resources */,
				2FE66F6C1B5DB31900B7B378 /* trophy-3.png in Resources */,
				CA492BA31A606F2600ED13B3 /* AccountCell.xib in Resources */,
				CAF584471AA3EB47002422DD /* background-3.jpg in Resources */,
				CA492B861A606CDB00ED13B3 /* LaunchScreen.xib in Resources */,
				CA9908201AA2C45500804200 /* close.png in Resources */,
				CAAB61A11AA40C35002D739B /* background-2.jpg in Resources */,
				2FE66F661B5DB04100B7B378 /* ribbon-3.png in Resources */,
				2F2FE9E81B5DA9EF00D4BC79 /* ribbon-1.png in Resources */,
				CA492B831A606CDB00ED13B3 /* Images.xcassets in Resources */,
				CA98EF791AA55BD20058A3EF /* background-4.jpg in Resources */,
				CAF584411AA3E4FA002422DD /* background-1.jpg in Resources */,
				CA492BC51A607CE100ED13B3 /* PickCell.xib in Resources */,
				2F2FE9E71B5DA9EF00D4BC79 /* ribbon-2.png in Resources */,
				2FE66F6A1B5DB31900B7B378 /* trophy-1.png in Resources */,
			);
			runOnlyForDeploymentPostprocessing = 0;
		};
		CA492B891A606CDB00ED13B3 /* Resources */ = {
			isa = PBXResourcesBuildPhase;
			buildActionMask = 2147483647;
			files = (
			);
			runOnlyForDeploymentPostprocessing = 0;
		};
/* End PBXResourcesBuildPhase section */

/* Begin PBXShellScriptBuildPhase section */
		2B0F35B6A49464327676EF28 /* Check Pods Manifest.lock */ = {
			isa = PBXShellScriptBuildPhase;
			buildActionMask = 2147483647;
			files = (
			);
			inputPaths = (
			);
			name = "Check Pods Manifest.lock";
			outputPaths = (
			);
			runOnlyForDeploymentPostprocessing = 0;
			shellPath = /bin/sh;
			shellScript = "diff \"${PODS_ROOT}/../Podfile.lock\" \"${PODS_ROOT}/Manifest.lock\" > /dev/null\nif [[ $? != 0 ]] ; then\n    cat << EOM\nerror: The sandbox is not in sync with the Podfile.lock. Run 'pod install' or update your CocoaPods installation.\nEOM\n    exit 1\nfi\n";
			showEnvVarsInLog = 0;
		};
		68E1B7A0826C09FAECC5BB27 /* Copy Pods Resources */ = {
			isa = PBXShellScriptBuildPhase;
			buildActionMask = 2147483647;
			files = (
			);
			inputPaths = (
			);
			name = "Copy Pods Resources";
			outputPaths = (
			);
			runOnlyForDeploymentPostprocessing = 0;
			shellPath = /bin/sh;
			shellScript = "\"${SRCROOT}/Pods/Target Support Files/Pods-DayTrades/Pods-DayTrades-resources.sh\"\n";
			showEnvVarsInLog = 0;
		};
		B756C176DE67C9F4036305D1 /* Copy Pods Resources */ = {
			isa = PBXShellScriptBuildPhase;
			buildActionMask = 2147483647;
			files = (
			);
			inputPaths = (
			);
			name = "Copy Pods Resources";
			outputPaths = (
			);
			runOnlyForDeploymentPostprocessing = 0;
			shellPath = /bin/sh;
			shellScript = "\"${SRCROOT}/Pods/Target Support Files/Pods-DayTradesTests/Pods-DayTradesTests-resources.sh\"\n";
			showEnvVarsInLog = 0;
		};
		DF73B9DA4F1FF493ACAB7805 /* Check Pods Manifest.lock */ = {
			isa = PBXShellScriptBuildPhase;
			buildActionMask = 2147483647;
			files = (
			);
			inputPaths = (
			);
			name = "Check Pods Manifest.lock";
			outputPaths = (
			);
			runOnlyForDeploymentPostprocessing = 0;
			shellPath = /bin/sh;
			shellScript = "diff \"${PODS_ROOT}/../Podfile.lock\" \"${PODS_ROOT}/Manifest.lock\" > /dev/null\nif [[ $? != 0 ]] ; then\n    cat << EOM\nerror: The sandbox is not in sync with the Podfile.lock. Run 'pod install' or update your CocoaPods installation.\nEOM\n    exit 1\nfi\n";
			showEnvVarsInLog = 0;
		};
/* End PBXShellScriptBuildPhase section */

/* Begin PBXSourcesBuildPhase section */
		CA492B6E1A606CDB00ED13B3 /* Sources */ = {
			isa = PBXSourcesBuildPhase;
			buildActionMask = 2147483647;
			files = (
				2F3B03861B5601E100EB9B93 /* Notification.swift in Sources */,
				CADFDD651B50252700E298A8 /* NSNumberFormatter.swift in Sources */,
				CAD9B90E1B506AB900B9CF1D /* NSDateFormatter.swift in Sources */,
				CA8136F41B4F2D5400B869A4 /* ChangeFormatter.swift in Sources */,
				2FCB935F1B5849B9000A9B1F /* StockViewController.swift in Sources */,
				2F07BE451B594C1400BB99CD /* Stock.swift in Sources */,
				2F3B037E1B54A28800EB9B93 /* SignUpViewController.swift in Sources */,
				AABEDC011B51E8F900BDD762 /* NSCalendar.swift in Sources */,
				CA8136E81B4EE4B800B869A4 /* PickCell.swift in Sources */,
				AABEDC171B52D57300BDD762 /* ParseClient.swift in Sources */,
				AABFC5E21B4ED87B0094AAF1 /* AccountCell.swift in Sources */,
				CA8136EE1B4F098A00B869A4 /* Quote.swift in Sources */,
				AA4AE6D51B531FBC0043AEC3 /* LeadersViewController.swift in Sources */,
				2FBB51FC1B5D80F200077723 /* UIImage.swift in Sources */,
				CAD9B9121B506E9000B9CF1D /* MarketHelper.swift in Sources */,
				AA4AE6D31B52E30E0043AEC3 /* SearchViewController.swift in Sources */,
				2F3B03821B55F2A600EB9B93 /* AppDelegate.swift in Sources */,
				2FD6F6641B57FB2A001F1630 /* ParseErrorHandler.swift in Sources */,
				2FFCB2F41B60927F00E5289E /* MenuController.swift in Sources */,
				AABEDC081B51F81300BDD762 /* SingleBarView.swift in Sources */,
				2FCB935D1B584925000A9B1F /* StockChart.swift in Sources */,
				AABEDC151B52D0C400BDD762 /* DayQuote.swift in Sources */,
				AA4AE6D71B534DC80043AEC3 /* AccountViewContoller.swift in Sources */,
				2F63C6D61B60CAB700E3E50D /* SettingsViewController.swift in Sources */,
				AABEDC0A1B523EDD00BDD762 /* DoubleBarView.swift in Sources */,
				AABEDC131B52CA9100BDD762 /* Pick.swift in Sources */,
				AABEDC0C1B52C1FC00BDD762 /* Account.swift in Sources */,
				CA8136EC1B4EEF4500B869A4 /* FinanceClient.swift in Sources */,
				CA8136EA1B4EE74B00B869A4 /* UIColor.swift in Sources */,
				2F3B037C1B549FBD00EB9B93 /* LogInViewController.swift in Sources */,
			);
			runOnlyForDeploymentPostprocessing = 0;
		};
		CA492B871A606CDB00ED13B3 /* Sources */ = {
			isa = PBXSourcesBuildPhase;
			buildActionMask = 2147483647;
			files = (
				AABEDC021B51E98B00BDD762 /* NSCalendar.swift in Sources */,
				2F4D4ACC1B5C9DC3006D36F2 /* FinanceClient.swift in Sources */,
				2F4D4ACF1B5C9DFF006D36F2 /* Notification.swift in Sources */,
				CAE281301B50849B003790CC /* MarketHelper.swift in Sources */,
				2F4D4ACB1B5C9DC0006D36F2 /* ParseClient.swift in Sources */,
				2F4D4AD01B5C9E1A006D36F2 /* Stock.swift in Sources */,
				AABEDBFC1B51DAFC00BDD762 /* NSDateFormatter.swift in Sources */,
				2F4D4ACD1B5C9DCF006D36F2 /* UIColor.swift in Sources */,
				2F4D4AC71B5C9B62006D36F2 /* SearchViewController.swift in Sources */,
				2F4D4AC61B5C9B16006D36F2 /* SearchViewControllerTests.swift in Sources */,
				2F4D4ACA1B5C9DAF006D36F2 /* Quote.swift in Sources */,
				2F4D4AC91B5C9DAC006D36F2 /* Account.swift in Sources */,
				CAE281321B5084C2003790CC /* MarketHelperTests.swift in Sources */,
				AABEDBFE1B51E11F00BDD762 /* NSNumberFormatterTests.swift in Sources */,
				AABEDBFF1B51E19600BDD762 /* NSNumberFormatter.swift in Sources */,
				2F4D4AC81B5C9D07006D36F2 /* Pick.swift in Sources */,
				2F4D4ACE1B5C9DEC006D36F2 /* ParseErrorHandler.swift in Sources */,
				AABEDC041B51E9DB00BDD762 /* NSCalendarTests.swift in Sources */,
				AABEDBFB1B51D96B00BDD762 /* NSDateFormatterTests.swift in Sources */,
			);
			runOnlyForDeploymentPostprocessing = 0;
		};
/* End PBXSourcesBuildPhase section */

/* Begin PBXTargetDependency section */
		CA492B8D1A606CDB00ED13B3 /* PBXTargetDependency */ = {
			isa = PBXTargetDependency;
			target = CA492B711A606CDB00ED13B3 /* DayTrades */;
			targetProxy = CA492B8C1A606CDB00ED13B3 /* PBXContainerItemProxy */;
		};
/* End PBXTargetDependency section */

/* Begin PBXVariantGroup section */
		CA492B7F1A606CDB00ED13B3 /* Main.storyboard */ = {
			isa = PBXVariantGroup;
			children = (
				CA492B801A606CDB00ED13B3 /* Base */,
			);
			name = Main.storyboard;
			sourceTree = "<group>";
		};
		CA492B841A606CDB00ED13B3 /* LaunchScreen.xib */ = {
			isa = PBXVariantGroup;
			children = (
				CA492B851A606CDB00ED13B3 /* Base */,
			);
			name = LaunchScreen.xib;
			sourceTree = "<group>";
		};
/* End PBXVariantGroup section */

/* Begin XCBuildConfiguration section */
		CA492B931A606CDB00ED13B3 /* Debug */ = {
			isa = XCBuildConfiguration;
			buildSettings = {
				ALWAYS_SEARCH_USER_PATHS = NO;
				CLANG_CXX_LANGUAGE_STANDARD = "gnu++0x";
				CLANG_CXX_LIBRARY = "libc++";
				CLANG_ENABLE_MODULES = YES;
				CLANG_ENABLE_OBJC_ARC = YES;
				CLANG_WARN_BOOL_CONVERSION = YES;
				CLANG_WARN_CONSTANT_CONVERSION = YES;
				CLANG_WARN_DIRECT_OBJC_ISA_USAGE = YES_ERROR;
				CLANG_WARN_EMPTY_BODY = YES;
				CLANG_WARN_ENUM_CONVERSION = YES;
				CLANG_WARN_INT_CONVERSION = YES;
				CLANG_WARN_OBJC_ROOT_CLASS = YES_ERROR;
				CLANG_WARN_UNREACHABLE_CODE = YES;
				CLANG_WARN__DUPLICATE_METHOD_MATCH = YES;
				"CODE_SIGN_IDENTITY[sdk=iphoneos*]" = "iPhone Developer";
				COPY_PHASE_STRIP = NO;
				ENABLE_STRICT_OBJC_MSGSEND = YES;
				GCC_C_LANGUAGE_STANDARD = gnu99;
				GCC_DYNAMIC_NO_PIC = NO;
				GCC_OPTIMIZATION_LEVEL = 0;
				GCC_PREPROCESSOR_DEFINITIONS = (
					"DEBUG=1",
					"$(inherited)",
				);
				GCC_SYMBOLS_PRIVATE_EXTERN = NO;
				GCC_WARN_64_TO_32_BIT_CONVERSION = YES;
				GCC_WARN_ABOUT_RETURN_TYPE = YES_ERROR;
				GCC_WARN_UNDECLARED_SELECTOR = YES;
				GCC_WARN_UNINITIALIZED_AUTOS = YES_AGGRESSIVE;
				GCC_WARN_UNUSED_FUNCTION = YES;
				GCC_WARN_UNUSED_VARIABLE = YES;
				IPHONEOS_DEPLOYMENT_TARGET = 8.3;
				MTL_ENABLE_DEBUG_INFO = YES;
				ONLY_ACTIVE_ARCH = YES;
				SDKROOT = iphoneos;
			};
			name = Debug;
		};
		CA492B941A606CDB00ED13B3 /* Release */ = {
			isa = XCBuildConfiguration;
			buildSettings = {
				ALWAYS_SEARCH_USER_PATHS = NO;
				CLANG_CXX_LANGUAGE_STANDARD = "gnu++0x";
				CLANG_CXX_LIBRARY = "libc++";
				CLANG_ENABLE_MODULES = YES;
				CLANG_ENABLE_OBJC_ARC = YES;
				CLANG_WARN_BOOL_CONVERSION = YES;
				CLANG_WARN_CONSTANT_CONVERSION = YES;
				CLANG_WARN_DIRECT_OBJC_ISA_USAGE = YES_ERROR;
				CLANG_WARN_EMPTY_BODY = YES;
				CLANG_WARN_ENUM_CONVERSION = YES;
				CLANG_WARN_INT_CONVERSION = YES;
				CLANG_WARN_OBJC_ROOT_CLASS = YES_ERROR;
				CLANG_WARN_UNREACHABLE_CODE = YES;
				CLANG_WARN__DUPLICATE_METHOD_MATCH = YES;
				"CODE_SIGN_IDENTITY[sdk=iphoneos*]" = "iPhone Developer";
				COPY_PHASE_STRIP = YES;
				ENABLE_NS_ASSERTIONS = NO;
				ENABLE_STRICT_OBJC_MSGSEND = YES;
				GCC_C_LANGUAGE_STANDARD = gnu99;
				GCC_WARN_64_TO_32_BIT_CONVERSION = YES;
				GCC_WARN_ABOUT_RETURN_TYPE = YES_ERROR;
				GCC_WARN_UNDECLARED_SELECTOR = YES;
				GCC_WARN_UNINITIALIZED_AUTOS = YES_AGGRESSIVE;
				GCC_WARN_UNUSED_FUNCTION = YES;
				GCC_WARN_UNUSED_VARIABLE = YES;
				IPHONEOS_DEPLOYMENT_TARGET = 8.3;
				MTL_ENABLE_DEBUG_INFO = NO;
				SDKROOT = iphoneos;
				VALIDATE_PRODUCT = YES;
			};
			name = Release;
		};
		CA492B961A606CDB00ED13B3 /* Debug */ = {
			isa = XCBuildConfiguration;
			baseConfigurationReference = 7B20A3833F833D5DA20B5A8B /* Pods-DayTrades.debug.xcconfig */;
			buildSettings = {
				ASSETCATALOG_COMPILER_APPICON_NAME = AppIcon;
				CLANG_ENABLE_MODULES = YES;
				CODE_SIGN_IDENTITY = "iPhone Developer";
				"CODE_SIGN_IDENTITY[sdk=iphoneos*]" = "iPhone Developer";
				FRAMEWORK_SEARCH_PATHS = (
					"$(inherited)",
					"$(PROJECT_DIR)",
				);
				INFOPLIST_FILE = DayTrades/Info.plist;
				IPHONEOS_DEPLOYMENT_TARGET = 8.3;
				LD_RUNPATH_SEARCH_PATHS = "$(inherited) @executable_path/Frameworks";
				PRODUCT_NAME = DayTrades;
				PROVISIONING_PROFILE = "";
				SWIFT_OBJC_BRIDGING_HEADER = "DayTrades/DayTrades-Bridging-Header.h";
				SWIFT_OPTIMIZATION_LEVEL = "-Onone";
				TARGETED_DEVICE_FAMILY = 1;
			};
			name = Debug;
		};
		CA492B971A606CDB00ED13B3 /* Release */ = {
			isa = XCBuildConfiguration;
			baseConfigurationReference = F11C4197EF82A525DD1494EB /* Pods-DayTrades.release.xcconfig */;
			buildSettings = {
				ASSETCATALOG_COMPILER_APPICON_NAME = AppIcon;
				CLANG_ENABLE_MODULES = YES;
				CODE_SIGN_IDENTITY = "iPhone Developer";
				"CODE_SIGN_IDENTITY[sdk=iphoneos*]" = "iPhone Developer";
				FRAMEWORK_SEARCH_PATHS = (
					"$(inherited)",
					"$(PROJECT_DIR)",
				);
				INFOPLIST_FILE = DayTrades/Info.plist;
				IPHONEOS_DEPLOYMENT_TARGET = 8.3;
				LD_RUNPATH_SEARCH_PATHS = "$(inherited) @executable_path/Frameworks";
				PRODUCT_NAME = DayTrades;
				PROVISIONING_PROFILE = "";
				SWIFT_OBJC_BRIDGING_HEADER = "DayTrades/DayTrades-Bridging-Header.h";
				TARGETED_DEVICE_FAMILY = 1;
			};
			name = Release;
		};
		CA492B991A606CDB00ED13B3 /* Debug */ = {
			isa = XCBuildConfiguration;
			baseConfigurationReference = 9B30135AC6826120BCAECC34 /* Pods-DayTradesTests.debug.xcconfig */;
			buildSettings = {
				BUNDLE_LOADER = "$(TEST_HOST)";
				CLANG_ENABLE_MODULES = YES;
				FRAMEWORK_SEARCH_PATHS = (
					"$(SDKROOT)/Developer/Library/Frameworks",
					"$(inherited)",
				);
				GCC_PREPROCESSOR_DEFINITIONS = (
					"DEBUG=1",
					"$(inherited)",
				);
				INFOPLIST_FILE = DayTradesTests/Info.plist;
				LD_RUNPATH_SEARCH_PATHS = "$(inherited) @executable_path/Frameworks @loader_path/Frameworks";
				PRODUCT_NAME = DayTradesTests;
				SWIFT_OBJC_BRIDGING_HEADER = "DayTradesTests/DayTradesTests-Bridging-Header.h";
				SWIFT_OPTIMIZATION_LEVEL = "-Onone";
				TEST_HOST = "$(BUILT_PRODUCTS_DIR)/DayTrades.app/DayTrades";
			};
			name = Debug;
		};
		CA492B9A1A606CDB00ED13B3 /* Release */ = {
			isa = XCBuildConfiguration;
			baseConfigurationReference = 288957F0CE5B4976A0116D29 /* Pods-DayTradesTests.release.xcconfig */;
			buildSettings = {
				BUNDLE_LOADER = "$(TEST_HOST)";
				CLANG_ENABLE_MODULES = YES;
				FRAMEWORK_SEARCH_PATHS = (
					"$(SDKROOT)/Developer/Library/Frameworks",
					"$(inherited)",
				);
				INFOPLIST_FILE = DayTradesTests/Info.plist;
				LD_RUNPATH_SEARCH_PATHS = "$(inherited) @executable_path/Frameworks @loader_path/Frameworks";
				PRODUCT_NAME = DayTradesTests;
				SWIFT_OBJC_BRIDGING_HEADER = "DayTradesTests/DayTradesTests-Bridging-Header.h";
				TEST_HOST = "$(BUILT_PRODUCTS_DIR)/DayTrades.app/DayTrades";
			};
			name = Release;
		};
/* End XCBuildConfiguration section */

/* Begin XCConfigurationList section */
		CA492B6D1A606CDB00ED13B3 /* Build configuration list for PBXProject "DayTrades" */ = {
			isa = XCConfigurationList;
			buildConfigurations = (
				CA492B931A606CDB00ED13B3 /* Debug */,
				CA492B941A606CDB00ED13B3 /* Release */,
			);
			defaultConfigurationIsVisible = 0;
			defaultConfigurationName = Release;
		};
		CA492B951A606CDB00ED13B3 /* Build configuration list for PBXNativeTarget "DayTrades" */ = {
			isa = XCConfigurationList;
			buildConfigurations = (
				CA492B961A606CDB00ED13B3 /* Debug */,
				CA492B971A606CDB00ED13B3 /* Release */,
			);
			defaultConfigurationIsVisible = 0;
			defaultConfigurationName = Release;
		};
		CA492B981A606CDB00ED13B3 /* Build configuration list for PBXNativeTarget "DayTradesTests" */ = {
			isa = XCConfigurationList;
			buildConfigurations = (
				CA492B991A606CDB00ED13B3 /* Debug */,
				CA492B9A1A606CDB00ED13B3 /* Release */,
			);
			defaultConfigurationIsVisible = 0;
			defaultConfigurationName = Release;
		};
/* End XCConfigurationList section */
	};
	rootObject = CA492B6A1A606CDB00ED13B3 /* Project object */;
}
